// !$*UTF8*$!
{
	archiveVersion = 1;
	classes = {
	};
	objectVersion = 46;
	objects = {

/* Begin PBXBuildFile section */
		91062DBB1DE396A700BCBDA0 /* AudioToolbox.framework in Frameworks */ = {isa = PBXBuildFile; fileRef = 91062DBA1DE396A700BCBDA0 /* AudioToolbox.framework */; };
		91062DDD1DE397E900BCBDA0 /* CAAtomic.h in Headers */ = {isa = PBXBuildFile; fileRef = 91062DD81DE397E900BCBDA0 /* CAAtomic.h */; };
		91062DDE1DE397E900BCBDA0 /* CAAutoDisposer.h in Headers */ = {isa = PBXBuildFile; fileRef = 91062DD91DE397E900BCBDA0 /* CAAutoDisposer.h */; };
		91062DDF1DE397E900BCBDA0 /* CABitOperations.h in Headers */ = {isa = PBXBuildFile; fileRef = 91062DDA1DE397E900BCBDA0 /* CABitOperations.h */; };
		91062DE01DE397E900BCBDA0 /* CARingBuffer.cpp in Sources */ = {isa = PBXBuildFile; fileRef = 91062DDB1DE397E900BCBDA0 /* CARingBuffer.cpp */; };
		91062DE11DE397E900BCBDA0 /* CARingBuffer.h in Headers */ = {isa = PBXBuildFile; fileRef = 91062DDC1DE397E900BCBDA0 /* CARingBuffer.h */; };
		91062DE41DE3983100BCBDA0 /* CAWLRingBuffer.cpp in Sources */ = {isa = PBXBuildFile; fileRef = 91062DE21DE3983100BCBDA0 /* CAWLRingBuffer.cpp */; };
		91062DE51DE3983100BCBDA0 /* CAWLRingBuffer.hpp in Headers */ = {isa = PBXBuildFile; fileRef = 91062DE31DE3983100BCBDA0 /* CAWLRingBuffer.hpp */; };
		910A953D1F6B760A009DA4A1 /* CAWLUtilities.cpp in Sources */ = {isa = PBXBuildFile; fileRef = 912CE4431F6B3C1B009F41AA /* CAWLUtilities.cpp */; };
		911097F01F6DA0D7002A9A92 /* CAWLSoundBoard.cpp in Sources */ = {isa = PBXBuildFile; fileRef = 911097EE1F6DA0D7002A9A92 /* CAWLSoundBoard.cpp */; };
		911097F31F6DA127002A9A92 /* CAWLValveTubeSimulator.cpp in Sources */ = {isa = PBXBuildFile; fileRef = 911097F11F6DA127002A9A92 /* CAWLValveTubeSimulator.cpp */; };
		911097F41F6DF9F7002A9A92 /* CAWLSoundBoard.cpp in Sources */ = {isa = PBXBuildFile; fileRef = 911097EE1F6DA0D7002A9A92 /* CAWLSoundBoard.cpp */; };
		911097F51F6DF9F7002A9A92 /* CAWLValveTubeSimulator.cpp in Sources */ = {isa = PBXBuildFile; fileRef = 911097F11F6DA127002A9A92 /* CAWLValveTubeSimulator.cpp */; };
		911097F61F6DFA82002A9A92 /* CAWLAudioUnit.cpp in Sources */ = {isa = PBXBuildFile; fileRef = 912CE43F1F6B3BB8009F41AA /* CAWLAudioUnit.cpp */; };
		911097F71F6DFA85002A9A92 /* CAWLUtilities.cpp in Sources */ = {isa = PBXBuildFile; fileRef = 912CE4431F6B3C1B009F41AA /* CAWLUtilities.cpp */; };
		911097FB1F6F16B2002A9A92 /* CAWLSoundModule.hpp in Headers */ = {isa = PBXBuildFile; fileRef = 911097F91F6F16B2002A9A92 /* CAWLSoundModule.hpp */; };
		911097FE1F6F22F2002A9A92 /* CAWLDelayLine.cpp in Sources */ = {isa = PBXBuildFile; fileRef = 911097FC1F6F22F2002A9A92 /* CAWLDelayLine.cpp */; };
		911097FF1F6F22F2002A9A92 /* CAWLDelayLine.hpp in Headers */ = {isa = PBXBuildFile; fileRef = 911097FD1F6F22F2002A9A92 /* CAWLDelayLine.hpp */; };
		911098021F6F2387002A9A92 /* CAWLFIRCombFilter.cpp in Sources */ = {isa = PBXBuildFile; fileRef = 911098001F6F2387002A9A92 /* CAWLFIRCombFilter.cpp */; };
		911098031F6F2387002A9A92 /* CAWLFIRCombFilter.hpp in Headers */ = {isa = PBXBuildFile; fileRef = 911098011F6F2387002A9A92 /* CAWLFIRCombFilter.hpp */; };
		911098061F6F2393002A9A92 /* CAWLIIRCombFilter.cpp in Sources */ = {isa = PBXBuildFile; fileRef = 911098041F6F2393002A9A92 /* CAWLIIRCombFilter.cpp */; };
		911098071F6F2393002A9A92 /* CAWLIIRCombFilter.hpp in Headers */ = {isa = PBXBuildFile; fileRef = 911098051F6F2393002A9A92 /* CAWLIIRCombFilter.hpp */; };
		912977AA1DE4F0E70093134D /* main.cpp in Sources */ = {isa = PBXBuildFile; fileRef = 912977A91DE4F0E70093134D /* main.cpp */; };
		912977AE1DE4F8600093134D /* CARingBuffer.cpp in Sources */ = {isa = PBXBuildFile; fileRef = 91062DDB1DE397E900BCBDA0 /* CARingBuffer.cpp */; };
		912977AF1DE4F8600093134D /* CAWLRingBuffer.cpp in Sources */ = {isa = PBXBuildFile; fileRef = 91062DE21DE3983100BCBDA0 /* CAWLRingBuffer.cpp */; };
		912977B11DE4F8600093134D /* CAWL.cpp in Sources */ = {isa = PBXBuildFile; fileRef = 91CAEC831DC8584600CEF065 /* CAWL.cpp */; };
		912977B61DE4F8610093134D /* CARingBuffer.cpp in Sources */ = {isa = PBXBuildFile; fileRef = 91062DDB1DE397E900BCBDA0 /* CARingBuffer.cpp */; };
		912977B71DE4F8610093134D /* CAWLRingBuffer.cpp in Sources */ = {isa = PBXBuildFile; fileRef = 91062DE21DE3983100BCBDA0 /* CAWLRingBuffer.cpp */; };
		912977B91DE4F8610093134D /* CAWL.cpp in Sources */ = {isa = PBXBuildFile; fileRef = 91CAEC831DC8584600CEF065 /* CAWL.cpp */; };
		912977BA1DE4F8850093134D /* AudioToolbox.framework in Frameworks */ = {isa = PBXBuildFile; fileRef = 91062DBA1DE396A700BCBDA0 /* AudioToolbox.framework */; };
		912977BB1DE4F8850093134D /* CoreAudio.framework in Frameworks */ = {isa = PBXBuildFile; fileRef = 91CAECA31DC8597C00CEF065 /* CoreAudio.framework */; };
		912CE4411F6B3BB8009F41AA /* CAWLAudioUnit.cpp in Sources */ = {isa = PBXBuildFile; fileRef = 912CE43F1F6B3BB8009F41AA /* CAWLAudioUnit.cpp */; };
		912CE4421F6B3BB8009F41AA /* CAWLAudioUnit.hpp in Headers */ = {isa = PBXBuildFile; fileRef = 912CE4401F6B3BB8009F41AA /* CAWLAudioUnit.hpp */; };
		912CE4451F6B3C1B009F41AA /* CAWLUtilities.cpp in Sources */ = {isa = PBXBuildFile; fileRef = 912CE4431F6B3C1B009F41AA /* CAWLUtilities.cpp */; };
		912CE4461F6B3C1B009F41AA /* CAWLUtilities.hpp in Headers */ = {isa = PBXBuildFile; fileRef = 912CE4441F6B3C1B009F41AA /* CAWLUtilities.hpp */; };
		912E05111F8019F800C13E55 /* CAWLDelayLine.cpp in Sources */ = {isa = PBXBuildFile; fileRef = 911097FC1F6F22F2002A9A92 /* CAWLDelayLine.cpp */; };
		912E05141F8023AE00C13E55 /* CAWLCombFilter.cpp in Sources */ = {isa = PBXBuildFile; fileRef = 912E05121F8023AE00C13E55 /* CAWLCombFilter.cpp */; };
		912E05151F8023AE00C13E55 /* CAWLCombFilter.cpp in Sources */ = {isa = PBXBuildFile; fileRef = 912E05121F8023AE00C13E55 /* CAWLCombFilter.cpp */; };
		912E05161F8023AE00C13E55 /* CAWLCombFilter.hpp in Headers */ = {isa = PBXBuildFile; fileRef = 912E05131F8023AE00C13E55 /* CAWLCombFilter.hpp */; };
		912E05191F8023BF00C13E55 /* CAWLUniversalCombFilter.cpp in Sources */ = {isa = PBXBuildFile; fileRef = 912E05171F8023BF00C13E55 /* CAWLUniversalCombFilter.cpp */; };
		912E051A1F8023BF00C13E55 /* CAWLUniversalCombFilter.cpp in Sources */ = {isa = PBXBuildFile; fileRef = 912E05171F8023BF00C13E55 /* CAWLUniversalCombFilter.cpp */; };
		912E051B1F8023BF00C13E55 /* CAWLUniversalCombFilter.hpp in Headers */ = {isa = PBXBuildFile; fileRef = 912E05181F8023BF00C13E55 /* CAWLUniversalCombFilter.hpp */; };
		912E051C1F80254800C13E55 /* CAWLFIRCombFilter.cpp in Sources */ = {isa = PBXBuildFile; fileRef = 911098001F6F2387002A9A92 /* CAWLFIRCombFilter.cpp */; };
		915F833E1F5F174B00D4F422 /* AudioToolbox.framework in Frameworks */ = {isa = PBXBuildFile; fileRef = 91062DBA1DE396A700BCBDA0 /* AudioToolbox.framework */; };
		915F83401F5F174B00D4F422 /* AudioUnit.framework in Frameworks */ = {isa = PBXBuildFile; fileRef = 915F833F1F5F174B00D4F422 /* AudioUnit.framework */; };
		9177E6391F785D5500D36C46 /* CAWLAmpSimulator.cpp in Sources */ = {isa = PBXBuildFile; fileRef = 9177E6371F78347D00D36C46 /* CAWLAmpSimulator.cpp */; };
		9177E63E1F7CCEFA00D36C46 /* CAWLHighPassFilter.cpp in Sources */ = {isa = PBXBuildFile; fileRef = 9177E63D1F7CCE4600D36C46 /* CAWLHighPassFilter.cpp */; };
		9177E63F1F7CCEFC00D36C46 /* CAWLHighPassFilter.cpp in Sources */ = {isa = PBXBuildFile; fileRef = 9177E63D1F7CCE4600D36C46 /* CAWLHighPassFilter.cpp */; };
		917A9AD91F6C366000422478 /* CAWLAudioUnit.cpp in Sources */ = {isa = PBXBuildFile; fileRef = 912CE43F1F6B3BB8009F41AA /* CAWLAudioUnit.cpp */; };
		9191B3A11F804543004C6F33 /* CAWLIIRCombFilter.cpp in Sources */ = {isa = PBXBuildFile; fileRef = 911098041F6F2393002A9A92 /* CAWLIIRCombFilter.cpp */; };
		9191B3A81F818CA9004C6F33 /* CAWLPeakEqualizer.cpp in Sources */ = {isa = PBXBuildFile; fileRef = 9191B3A61F818CA9004C6F33 /* CAWLPeakEqualizer.cpp */; };
		9191B3A91F818CA9004C6F33 /* CAWLPeakEqualizer.cpp in Sources */ = {isa = PBXBuildFile; fileRef = 9191B3A61F818CA9004C6F33 /* CAWLPeakEqualizer.cpp */; };
		9191B3AA1F818CA9004C6F33 /* CAWLPeakEqualizer.hpp in Headers */ = {isa = PBXBuildFile; fileRef = 9191B3A71F818CA9004C6F33 /* CAWLPeakEqualizer.hpp */; };
		9191B3AD1F819300004C6F33 /* SoundTab.m in Sources */ = {isa = PBXBuildFile; fileRef = 9191B3AC1F819300004C6F33 /* SoundTab.m */; };
		9191B3AE1F85EEC5004C6F33 /* CAWLLowPassFilter.cpp in Sources */ = {isa = PBXBuildFile; fileRef = 9177E63A1F7CCDF600D36C46 /* CAWLLowPassFilter.cpp */; };
		9191B3B11F85F62B004C6F33 /* CAWLBiQuadFilter.cpp in Sources */ = {isa = PBXBuildFile; fileRef = 9191B3AF1F85F62B004C6F33 /* CAWLBiQuadFilter.cpp */; };
		9191B3B21F85F62B004C6F33 /* CAWLBiQuadFilter.cpp in Sources */ = {isa = PBXBuildFile; fileRef = 9191B3AF1F85F62B004C6F33 /* CAWLBiQuadFilter.cpp */; };
		9191B3B31F85F62B004C6F33 /* CAWLBiQuadFilter.hpp in Headers */ = {isa = PBXBuildFile; fileRef = 9191B3B01F85F62B004C6F33 /* CAWLBiQuadFilter.hpp */; };
		91CAEC801DC8584600CEF065 /* CAWL.hpp in Headers */ = {isa = PBXBuildFile; fileRef = 91CAEC7F1DC8584600CEF065 /* CAWL.hpp */; };
		91CAEC841DC8584600CEF065 /* CAWL.cpp in Sources */ = {isa = PBXBuildFile; fileRef = 91CAEC831DC8584600CEF065 /* CAWL.cpp */; };
		91CAEC921DC8587900CEF065 /* AppDelegate.mm in Sources */ = {isa = PBXBuildFile; fileRef = 91CAEC911DC8587900CEF065 /* AppDelegate.mm */; };
		91CAEC951DC8587900CEF065 /* main.m in Sources */ = {isa = PBXBuildFile; fileRef = 91CAEC941DC8587900CEF065 /* main.m */; };
		91CAEC981DC8587900CEF065 /* ViewController.mm in Sources */ = {isa = PBXBuildFile; fileRef = 91CAEC971DC8587900CEF065 /* ViewController.mm */; };
		91CAEC9A1DC8587900CEF065 /* Assets.xcassets in Resources */ = {isa = PBXBuildFile; fileRef = 91CAEC991DC8587900CEF065 /* Assets.xcassets */; };
		91CAEC9D1DC8587900CEF065 /* Main.storyboard in Resources */ = {isa = PBXBuildFile; fileRef = 91CAEC9B1DC8587900CEF065 /* Main.storyboard */; };
		91CAECA41DC8597C00CEF065 /* CoreAudio.framework in Frameworks */ = {isa = PBXBuildFile; fileRef = 91CAECA31DC8597C00CEF065 /* CoreAudio.framework */; };
		91CAECA51DC8598500CEF065 /* CoreAudio.framework in Frameworks */ = {isa = PBXBuildFile; fileRef = 91CAECA31DC8597C00CEF065 /* CoreAudio.framework */; };
		91DC3E511F871F5B00E3DB09 /* CAWLLowShelfFilter.cpp in Sources */ = {isa = PBXBuildFile; fileRef = 91DC3E4F1F871DF600E3DB09 /* CAWLLowShelfFilter.cpp */; };
		91DC3E521F871F5C00E3DB09 /* CAWLLowShelfFilter.cpp in Sources */ = {isa = PBXBuildFile; fileRef = 91DC3E4F1F871DF600E3DB09 /* CAWLLowShelfFilter.cpp */; };
		91DC3E531F871F6500E3DB09 /* CAWLLowShelfFilter.hpp in Headers */ = {isa = PBXBuildFile; fileRef = 91DC3E501F871DF600E3DB09 /* CAWLLowShelfFilter.hpp */; };
		91DC3E571F874D6C00E3DB09 /* CAWLHighShelfFilter.cpp in Sources */ = {isa = PBXBuildFile; fileRef = 91DC3E551F874D6C00E3DB09 /* CAWLHighShelfFilter.cpp */; };
		91DC3E581F874D6C00E3DB09 /* CAWLHighShelfFilter.cpp in Sources */ = {isa = PBXBuildFile; fileRef = 91DC3E551F874D6C00E3DB09 /* CAWLHighShelfFilter.cpp */; };
		91DC3E591F874D6C00E3DB09 /* CAWLHighShelfFilter.hpp in Headers */ = {isa = PBXBuildFile; fileRef = 91DC3E561F874D6C00E3DB09 /* CAWLHighShelfFilter.hpp */; };
/* End PBXBuildFile section */

/* Begin PBXCopyFilesBuildPhase section */
		912977A51DE4F0E70093134D /* CopyFiles */ = {
			isa = PBXCopyFilesBuildPhase;
			buildActionMask = 2147483647;
			dstPath = /usr/share/man/man1/;
			dstSubfolderSpec = 0;
			files = (
			);
			runOnlyForDeploymentPostprocessing = 1;
		};
/* End PBXCopyFilesBuildPhase section */

/* Begin PBXFileReference section */
		91062DBA1DE396A700BCBDA0 /* AudioToolbox.framework */ = {isa = PBXFileReference; lastKnownFileType = wrapper.framework; name = AudioToolbox.framework; path = System/Library/Frameworks/AudioToolbox.framework; sourceTree = SDKROOT; };
		91062DD81DE397E900BCBDA0 /* CAAtomic.h */ = {isa = PBXFileReference; fileEncoding = 4; lastKnownFileType = sourcecode.c.h; path = CAAtomic.h; sourceTree = "<group>"; };
		91062DD91DE397E900BCBDA0 /* CAAutoDisposer.h */ = {isa = PBXFileReference; fileEncoding = 4; lastKnownFileType = sourcecode.c.h; path = CAAutoDisposer.h; sourceTree = "<group>"; };
		91062DDA1DE397E900BCBDA0 /* CABitOperations.h */ = {isa = PBXFileReference; fileEncoding = 4; lastKnownFileType = sourcecode.c.h; path = CABitOperations.h; sourceTree = "<group>"; };
		91062DDB1DE397E900BCBDA0 /* CARingBuffer.cpp */ = {isa = PBXFileReference; fileEncoding = 4; lastKnownFileType = sourcecode.cpp.cpp; path = CARingBuffer.cpp; sourceTree = "<group>"; };
		91062DDC1DE397E900BCBDA0 /* CARingBuffer.h */ = {isa = PBXFileReference; fileEncoding = 4; lastKnownFileType = sourcecode.c.h; path = CARingBuffer.h; sourceTree = "<group>"; };
		91062DE21DE3983100BCBDA0 /* CAWLRingBuffer.cpp */ = {isa = PBXFileReference; fileEncoding = 4; lastKnownFileType = sourcecode.cpp.cpp; path = CAWLRingBuffer.cpp; sourceTree = "<group>"; };
		91062DE31DE3983100BCBDA0 /* CAWLRingBuffer.hpp */ = {isa = PBXFileReference; fileEncoding = 4; lastKnownFileType = sourcecode.cpp.h; path = CAWLRingBuffer.hpp; sourceTree = "<group>"; };
		911097EE1F6DA0D7002A9A92 /* CAWLSoundBoard.cpp */ = {isa = PBXFileReference; fileEncoding = 4; lastKnownFileType = sourcecode.cpp.cpp; name = CAWLSoundBoard.cpp; path = ../cawlDemoMac/CAWLSoundBoard.cpp; sourceTree = "<group>"; };
		911097EF1F6DA0D7002A9A92 /* CAWLSoundBoard.hpp */ = {isa = PBXFileReference; fileEncoding = 4; lastKnownFileType = sourcecode.cpp.h; name = CAWLSoundBoard.hpp; path = ../cawlDemoMac/CAWLSoundBoard.hpp; sourceTree = "<group>"; };
		911097F11F6DA127002A9A92 /* CAWLValveTubeSimulator.cpp */ = {isa = PBXFileReference; fileEncoding = 4; lastKnownFileType = sourcecode.cpp.cpp; name = CAWLValveTubeSimulator.cpp; path = ../cawlDemoMac/CAWLValveTubeSimulator.cpp; sourceTree = "<group>"; };
		911097F21F6DA127002A9A92 /* CAWLValveTubeSimulator.hpp */ = {isa = PBXFileReference; fileEncoding = 4; lastKnownFileType = sourcecode.cpp.h; name = CAWLValveTubeSimulator.hpp; path = ../cawlDemoMac/CAWLValveTubeSimulator.hpp; sourceTree = "<group>"; };
		911097F91F6F16B2002A9A92 /* CAWLSoundModule.hpp */ = {isa = PBXFileReference; fileEncoding = 4; lastKnownFileType = sourcecode.cpp.h; path = CAWLSoundModule.hpp; sourceTree = "<group>"; };
		911097FC1F6F22F2002A9A92 /* CAWLDelayLine.cpp */ = {isa = PBXFileReference; fileEncoding = 4; lastKnownFileType = sourcecode.cpp.cpp; path = CAWLDelayLine.cpp; sourceTree = "<group>"; };
		911097FD1F6F22F2002A9A92 /* CAWLDelayLine.hpp */ = {isa = PBXFileReference; fileEncoding = 4; lastKnownFileType = sourcecode.cpp.h; path = CAWLDelayLine.hpp; sourceTree = "<group>"; };
		911098001F6F2387002A9A92 /* CAWLFIRCombFilter.cpp */ = {isa = PBXFileReference; fileEncoding = 4; lastKnownFileType = sourcecode.cpp.cpp; path = CAWLFIRCombFilter.cpp; sourceTree = "<group>"; };
		911098011F6F2387002A9A92 /* CAWLFIRCombFilter.hpp */ = {isa = PBXFileReference; fileEncoding = 4; lastKnownFileType = sourcecode.cpp.h; path = CAWLFIRCombFilter.hpp; sourceTree = "<group>"; };
		911098041F6F2393002A9A92 /* CAWLIIRCombFilter.cpp */ = {isa = PBXFileReference; fileEncoding = 4; lastKnownFileType = sourcecode.cpp.cpp; path = CAWLIIRCombFilter.cpp; sourceTree = "<group>"; };
		911098051F6F2393002A9A92 /* CAWLIIRCombFilter.hpp */ = {isa = PBXFileReference; fileEncoding = 4; lastKnownFileType = sourcecode.cpp.h; path = CAWLIIRCombFilter.hpp; sourceTree = "<group>"; };
		912977A71DE4F0E70093134D /* cawlTester */ = {isa = PBXFileReference; explicitFileType = "compiled.mach-o.executable"; includeInIndex = 0; path = cawlTester; sourceTree = BUILT_PRODUCTS_DIR; };
		912977A91DE4F0E70093134D /* main.cpp */ = {isa = PBXFileReference; lastKnownFileType = sourcecode.cpp.cpp; path = main.cpp; sourceTree = "<group>"; };
		912CE43F1F6B3BB8009F41AA /* CAWLAudioUnit.cpp */ = {isa = PBXFileReference; fileEncoding = 4; lastKnownFileType = sourcecode.cpp.cpp; path = CAWLAudioUnit.cpp; sourceTree = "<group>"; };
		912CE4401F6B3BB8009F41AA /* CAWLAudioUnit.hpp */ = {isa = PBXFileReference; fileEncoding = 4; lastKnownFileType = sourcecode.cpp.h; path = CAWLAudioUnit.hpp; sourceTree = "<group>"; };
		912CE4431F6B3C1B009F41AA /* CAWLUtilities.cpp */ = {isa = PBXFileReference; fileEncoding = 4; lastKnownFileType = sourcecode.cpp.cpp; path = CAWLUtilities.cpp; sourceTree = "<group>"; };
		912CE4441F6B3C1B009F41AA /* CAWLUtilities.hpp */ = {isa = PBXFileReference; fileEncoding = 4; lastKnownFileType = sourcecode.cpp.h; path = CAWLUtilities.hpp; sourceTree = "<group>"; };
		912E05121F8023AE00C13E55 /* CAWLCombFilter.cpp */ = {isa = PBXFileReference; lastKnownFileType = sourcecode.cpp.cpp; path = CAWLCombFilter.cpp; sourceTree = "<group>"; };
		912E05131F8023AE00C13E55 /* CAWLCombFilter.hpp */ = {isa = PBXFileReference; lastKnownFileType = sourcecode.cpp.h; path = CAWLCombFilter.hpp; sourceTree = "<group>"; };
		912E05171F8023BF00C13E55 /* CAWLUniversalCombFilter.cpp */ = {isa = PBXFileReference; lastKnownFileType = sourcecode.cpp.cpp; path = CAWLUniversalCombFilter.cpp; sourceTree = "<group>"; };
		912E05181F8023BF00C13E55 /* CAWLUniversalCombFilter.hpp */ = {isa = PBXFileReference; lastKnownFileType = sourcecode.cpp.h; path = CAWLUniversalCombFilter.hpp; sourceTree = "<group>"; };
		915F833F1F5F174B00D4F422 /* AudioUnit.framework */ = {isa = PBXFileReference; lastKnownFileType = wrapper.framework; name = AudioUnit.framework; path = System/Library/Frameworks/AudioUnit.framework; sourceTree = SDKROOT; };
		9177E6371F78347D00D36C46 /* CAWLAmpSimulator.cpp */ = {isa = PBXFileReference; lastKnownFileType = sourcecode.cpp.cpp; name = CAWLAmpSimulator.cpp; path = cawlTester/CAWLAmpSimulator.cpp; sourceTree = SOURCE_ROOT; };
		9177E6381F78347D00D36C46 /* CAWLAmpSimulator.hpp */ = {isa = PBXFileReference; lastKnownFileType = sourcecode.cpp.h; name = CAWLAmpSimulator.hpp; path = cawlTester/CAWLAmpSimulator.hpp; sourceTree = SOURCE_ROOT; };
		9177E63A1F7CCDF600D36C46 /* CAWLLowPassFilter.cpp */ = {isa = PBXFileReference; lastKnownFileType = sourcecode.cpp.cpp; path = CAWLLowPassFilter.cpp; sourceTree = "<group>"; };
		9177E63B1F7CCDF600D36C46 /* CAWLLowPassFilter.hpp */ = {isa = PBXFileReference; lastKnownFileType = sourcecode.cpp.h; path = CAWLLowPassFilter.hpp; sourceTree = "<group>"; };
		9177E63C1F7CCE4500D36C46 /* CAWLHighPassFilter.hpp */ = {isa = PBXFileReference; lastKnownFileType = sourcecode.cpp.h; path = CAWLHighPassFilter.hpp; sourceTree = "<group>"; };
		9177E63D1F7CCE4600D36C46 /* CAWLHighPassFilter.cpp */ = {isa = PBXFileReference; lastKnownFileType = sourcecode.cpp.cpp; path = CAWLHighPassFilter.cpp; sourceTree = "<group>"; };
		9191B3A61F818CA9004C6F33 /* CAWLPeakEqualizer.cpp */ = {isa = PBXFileReference; lastKnownFileType = sourcecode.cpp.cpp; path = CAWLPeakEqualizer.cpp; sourceTree = "<group>"; };
		9191B3A71F818CA9004C6F33 /* CAWLPeakEqualizer.hpp */ = {isa = PBXFileReference; lastKnownFileType = sourcecode.cpp.h; path = CAWLPeakEqualizer.hpp; sourceTree = "<group>"; };
		9191B3AB1F819300004C6F33 /* SoundTab.h */ = {isa = PBXFileReference; lastKnownFileType = sourcecode.c.h; path = SoundTab.h; sourceTree = "<group>"; };
		9191B3AC1F819300004C6F33 /* SoundTab.m */ = {isa = PBXFileReference; lastKnownFileType = sourcecode.c.objc; path = SoundTab.m; sourceTree = "<group>"; };
		9191B3AF1F85F62B004C6F33 /* CAWLBiQuadFilter.cpp */ = {isa = PBXFileReference; lastKnownFileType = sourcecode.cpp.cpp; path = CAWLBiQuadFilter.cpp; sourceTree = "<group>"; };
		9191B3B01F85F62B004C6F33 /* CAWLBiQuadFilter.hpp */ = {isa = PBXFileReference; lastKnownFileType = sourcecode.cpp.h; path = CAWLBiQuadFilter.hpp; sourceTree = "<group>"; };
		91CAEC7C1DC8584600CEF065 /* libCAWL.a */ = {isa = PBXFileReference; explicitFileType = archive.ar; includeInIndex = 0; path = libCAWL.a; sourceTree = BUILT_PRODUCTS_DIR; };
		91CAEC7F1DC8584600CEF065 /* CAWL.hpp */ = {isa = PBXFileReference; lastKnownFileType = sourcecode.cpp.h; path = CAWL.hpp; sourceTree = "<group>"; };
		91CAEC831DC8584600CEF065 /* CAWL.cpp */ = {isa = PBXFileReference; lastKnownFileType = sourcecode.cpp.cpp; path = CAWL.cpp; sourceTree = "<group>"; };
		91CAEC8E1DC8587900CEF065 /* cawlDemoMac.app */ = {isa = PBXFileReference; explicitFileType = wrapper.application; includeInIndex = 0; path = cawlDemoMac.app; sourceTree = BUILT_PRODUCTS_DIR; };
		91CAEC901DC8587900CEF065 /* AppDelegate.h */ = {isa = PBXFileReference; lastKnownFileType = sourcecode.c.h; path = AppDelegate.h; sourceTree = "<group>"; };
		91CAEC911DC8587900CEF065 /* AppDelegate.mm */ = {isa = PBXFileReference; lastKnownFileType = sourcecode.cpp.objcpp; path = AppDelegate.mm; sourceTree = "<group>"; };
		91CAEC941DC8587900CEF065 /* main.m */ = {isa = PBXFileReference; lastKnownFileType = sourcecode.c.objc; path = main.m; sourceTree = "<group>"; };
		91CAEC961DC8587900CEF065 /* ViewController.h */ = {isa = PBXFileReference; lastKnownFileType = sourcecode.c.h; path = ViewController.h; sourceTree = "<group>"; };
		91CAEC971DC8587900CEF065 /* ViewController.mm */ = {isa = PBXFileReference; lastKnownFileType = sourcecode.cpp.objcpp; path = ViewController.mm; sourceTree = "<group>"; };
		91CAEC991DC8587900CEF065 /* Assets.xcassets */ = {isa = PBXFileReference; lastKnownFileType = folder.assetcatalog; path = Assets.xcassets; sourceTree = "<group>"; };
		91CAEC9C1DC8587900CEF065 /* Base */ = {isa = PBXFileReference; lastKnownFileType = file.storyboard; name = Base; path = Base.lproj/Main.storyboard; sourceTree = "<group>"; };
		91CAEC9E1DC8587900CEF065 /* Info.plist */ = {isa = PBXFileReference; lastKnownFileType = text.plist.xml; path = Info.plist; sourceTree = "<group>"; };
		91CAECA31DC8597C00CEF065 /* CoreAudio.framework */ = {isa = PBXFileReference; lastKnownFileType = wrapper.framework; name = CoreAudio.framework; path = System/Library/Frameworks/CoreAudio.framework; sourceTree = SDKROOT; };
		91DC3E4F1F871DF600E3DB09 /* CAWLLowShelfFilter.cpp */ = {isa = PBXFileReference; lastKnownFileType = sourcecode.cpp.cpp; path = CAWLLowShelfFilter.cpp; sourceTree = "<group>"; };
		91DC3E501F871DF600E3DB09 /* CAWLLowShelfFilter.hpp */ = {isa = PBXFileReference; lastKnownFileType = sourcecode.cpp.h; path = CAWLLowShelfFilter.hpp; sourceTree = "<group>"; };
		91DC3E551F874D6C00E3DB09 /* CAWLHighShelfFilter.cpp */ = {isa = PBXFileReference; lastKnownFileType = sourcecode.cpp.cpp; path = CAWLHighShelfFilter.cpp; sourceTree = "<group>"; };
		91DC3E561F874D6C00E3DB09 /* CAWLHighShelfFilter.hpp */ = {isa = PBXFileReference; lastKnownFileType = sourcecode.cpp.h; path = CAWLHighShelfFilter.hpp; sourceTree = "<group>"; };
/* End PBXFileReference section */

/* Begin PBXFrameworksBuildPhase section */
		912977A41DE4F0E70093134D /* Frameworks */ = {
			isa = PBXFrameworksBuildPhase;
			buildActionMask = 2147483647;
			files = (
				912977BA1DE4F8850093134D /* AudioToolbox.framework in Frameworks */,
				912977BB1DE4F8850093134D /* CoreAudio.framework in Frameworks */,
			);
			runOnlyForDeploymentPostprocessing = 0;
		};
		91CAEC791DC8584600CEF065 /* Frameworks */ = {
			isa = PBXFrameworksBuildPhase;
			buildActionMask = 2147483647;
			files = (
				915F83401F5F174B00D4F422 /* AudioUnit.framework in Frameworks */,
				915F833E1F5F174B00D4F422 /* AudioToolbox.framework in Frameworks */,
				91CAECA41DC8597C00CEF065 /* CoreAudio.framework in Frameworks */,
			);
			runOnlyForDeploymentPostprocessing = 0;
		};
		91CAEC8B1DC8587900CEF065 /* Frameworks */ = {
			isa = PBXFrameworksBuildPhase;
			buildActionMask = 2147483647;
			files = (
				91062DBB1DE396A700BCBDA0 /* AudioToolbox.framework in Frameworks */,
				91CAECA51DC8598500CEF065 /* CoreAudio.framework in Frameworks */,
			);
			runOnlyForDeploymentPostprocessing = 0;
		};
/* End PBXFrameworksBuildPhase section */

/* Begin PBXGroup section */
		91062DD71DE397C900BCBDA0 /* RingBuffer */ = {
			isa = PBXGroup;
			children = (
				91062DD81DE397E900BCBDA0 /* CAAtomic.h */,
				91062DD91DE397E900BCBDA0 /* CAAutoDisposer.h */,
				91062DDA1DE397E900BCBDA0 /* CABitOperations.h */,
				91062DDB1DE397E900BCBDA0 /* CARingBuffer.cpp */,
				91062DDC1DE397E900BCBDA0 /* CARingBuffer.h */,
				91062DE21DE3983100BCBDA0 /* CAWLRingBuffer.cpp */,
				91062DE31DE3983100BCBDA0 /* CAWLRingBuffer.hpp */,
			);
			name = RingBuffer;
			sourceTree = "<group>";
		};
		912977A81DE4F0E70093134D /* cawlTester */ = {
			isa = PBXGroup;
			children = (
				912977A91DE4F0E70093134D /* main.cpp */,
			);
			path = cawlTester;
			sourceTree = "<group>";
		};
		912977BE1DE510340093134D /* SoundModules */ = {
			isa = PBXGroup;
			children = (
				911097EE1F6DA0D7002A9A92 /* CAWLSoundBoard.cpp */,
				911097EF1F6DA0D7002A9A92 /* CAWLSoundBoard.hpp */,
				9177E6371F78347D00D36C46 /* CAWLAmpSimulator.cpp */,
				9177E6381F78347D00D36C46 /* CAWLAmpSimulator.hpp */,
				911097F11F6DA127002A9A92 /* CAWLValveTubeSimulator.cpp */,
				911097F21F6DA127002A9A92 /* CAWLValveTubeSimulator.hpp */,
				9191B3AF1F85F62B004C6F33 /* CAWLBiQuadFilter.cpp */,
				9191B3B01F85F62B004C6F33 /* CAWLBiQuadFilter.hpp */,
				91DC3E4F1F871DF600E3DB09 /* CAWLLowShelfFilter.cpp */,
				91DC3E501F871DF600E3DB09 /* CAWLLowShelfFilter.hpp */,
				91DC3E551F874D6C00E3DB09 /* CAWLHighShelfFilter.cpp */,
				91DC3E561F874D6C00E3DB09 /* CAWLHighShelfFilter.hpp */,
				9177E63D1F7CCE4600D36C46 /* CAWLHighPassFilter.cpp */,
				9177E63C1F7CCE4500D36C46 /* CAWLHighPassFilter.hpp */,
				9177E63A1F7CCDF600D36C46 /* CAWLLowPassFilter.cpp */,
				9177E63B1F7CCDF600D36C46 /* CAWLLowPassFilter.hpp */,
				911098001F6F2387002A9A92 /* CAWLFIRCombFilter.cpp */,
				911098011F6F2387002A9A92 /* CAWLFIRCombFilter.hpp */,
				911098041F6F2393002A9A92 /* CAWLIIRCombFilter.cpp */,
				911098051F6F2393002A9A92 /* CAWLIIRCombFilter.hpp */,
				912E05171F8023BF00C13E55 /* CAWLUniversalCombFilter.cpp */,
				912E05181F8023BF00C13E55 /* CAWLUniversalCombFilter.hpp */,
				912E05121F8023AE00C13E55 /* CAWLCombFilter.cpp */,
				912E05131F8023AE00C13E55 /* CAWLCombFilter.hpp */,
				9191B3A61F818CA9004C6F33 /* CAWLPeakEqualizer.cpp */,
				9191B3A71F818CA9004C6F33 /* CAWLPeakEqualizer.hpp */,
				911097FC1F6F22F2002A9A92 /* CAWLDelayLine.cpp */,
				911097FD1F6F22F2002A9A92 /* CAWLDelayLine.hpp */,
				911097F91F6F16B2002A9A92 /* CAWLSoundModule.hpp */,
			);
			name = SoundModules;
			sourceTree = "<group>";
		};
		91CAEC731DC8584600CEF065 = {
			isa = PBXGroup;
			children = (
				91CAEC7E1DC8584600CEF065 /* CAWL */,
				91CAEC8F1DC8587900CEF065 /* cawlDemoMac */,
				912977A81DE4F0E70093134D /* cawlTester */,
				91CAEC7D1DC8584600CEF065 /* Products */,
				91CAECA21DC8597C00CEF065 /* Frameworks */,
			);
			sourceTree = "<group>";
		};
		91CAEC7D1DC8584600CEF065 /* Products */ = {
			isa = PBXGroup;
			children = (
				91CAEC7C1DC8584600CEF065 /* libCAWL.a */,
				91CAEC8E1DC8587900CEF065 /* cawlDemoMac.app */,
				912977A71DE4F0E70093134D /* cawlTester */,
			);
			name = Products;
			sourceTree = "<group>";
		};
		91CAEC7E1DC8584600CEF065 /* CAWL */ = {
			isa = PBXGroup;
			children = (
				912977BE1DE510340093134D /* SoundModules */,
				91062DD71DE397C900BCBDA0 /* RingBuffer */,
				91CAEC7F1DC8584600CEF065 /* CAWL.hpp */,
				91CAEC831DC8584600CEF065 /* CAWL.cpp */,
				912CE43F1F6B3BB8009F41AA /* CAWLAudioUnit.cpp */,
				912CE4401F6B3BB8009F41AA /* CAWLAudioUnit.hpp */,
				912CE4431F6B3C1B009F41AA /* CAWLUtilities.cpp */,
				912CE4441F6B3C1B009F41AA /* CAWLUtilities.hpp */,
			);
			path = CAWL;
			sourceTree = "<group>";
		};
		91CAEC8F1DC8587900CEF065 /* cawlDemoMac */ = {
			isa = PBXGroup;
			children = (
				91CAEC901DC8587900CEF065 /* AppDelegate.h */,
				91CAEC911DC8587900CEF065 /* AppDelegate.mm */,
				91CAEC961DC8587900CEF065 /* ViewController.h */,
				91CAEC971DC8587900CEF065 /* ViewController.mm */,
				9191B3AB1F819300004C6F33 /* SoundTab.h */,
				9191B3AC1F819300004C6F33 /* SoundTab.m */,
				91CAEC991DC8587900CEF065 /* Assets.xcassets */,
				91CAEC9B1DC8587900CEF065 /* Main.storyboard */,
				91CAEC9E1DC8587900CEF065 /* Info.plist */,
				91CAEC931DC8587900CEF065 /* Supporting Files */,
			);
			path = cawlDemoMac;
			sourceTree = "<group>";
		};
		91CAEC931DC8587900CEF065 /* Supporting Files */ = {
			isa = PBXGroup;
			children = (
				91CAEC941DC8587900CEF065 /* main.m */,
			);
			name = "Supporting Files";
			sourceTree = "<group>";
		};
		91CAECA21DC8597C00CEF065 /* Frameworks */ = {
			isa = PBXGroup;
			children = (
				915F833F1F5F174B00D4F422 /* AudioUnit.framework */,
				91062DBA1DE396A700BCBDA0 /* AudioToolbox.framework */,
				91CAECA31DC8597C00CEF065 /* CoreAudio.framework */,
			);
			name = Frameworks;
			sourceTree = "<group>";
		};
/* End PBXGroup section */

/* Begin PBXHeadersBuildPhase section */
		91CAEC7A1DC8584600CEF065 /* Headers */ = {
			isa = PBXHeadersBuildPhase;
			buildActionMask = 2147483647;
			files = (
				91DC3E591F874D6C00E3DB09 /* CAWLHighShelfFilter.hpp in Headers */,
				911098071F6F2393002A9A92 /* CAWLIIRCombFilter.hpp in Headers */,
				91062DDE1DE397E900BCBDA0 /* CAAutoDisposer.h in Headers */,
				912CE4421F6B3BB8009F41AA /* CAWLAudioUnit.hpp in Headers */,
				9191B3AA1F818CA9004C6F33 /* CAWLPeakEqualizer.hpp in Headers */,
				912CE4461F6B3C1B009F41AA /* CAWLUtilities.hpp in Headers */,
				911097FF1F6F22F2002A9A92 /* CAWLDelayLine.hpp in Headers */,
				91062DDD1DE397E900BCBDA0 /* CAAtomic.h in Headers */,
				912E051B1F8023BF00C13E55 /* CAWLUniversalCombFilter.hpp in Headers */,
				91062DE11DE397E900BCBDA0 /* CARingBuffer.h in Headers */,
				911097FB1F6F16B2002A9A92 /* CAWLSoundModule.hpp in Headers */,
				91DC3E531F871F6500E3DB09 /* CAWLLowShelfFilter.hpp in Headers */,
				91062DE51DE3983100BCBDA0 /* CAWLRingBuffer.hpp in Headers */,
				91062DDF1DE397E900BCBDA0 /* CABitOperations.h in Headers */,
				91CAEC801DC8584600CEF065 /* CAWL.hpp in Headers */,
				9191B3B31F85F62B004C6F33 /* CAWLBiQuadFilter.hpp in Headers */,
				912E05161F8023AE00C13E55 /* CAWLCombFilter.hpp in Headers */,
				911098031F6F2387002A9A92 /* CAWLFIRCombFilter.hpp in Headers */,
			);
			runOnlyForDeploymentPostprocessing = 0;
		};
/* End PBXHeadersBuildPhase section */

/* Begin PBXNativeTarget section */
		912977A61DE4F0E70093134D /* cawlTester */ = {
			isa = PBXNativeTarget;
			buildConfigurationList = 912977AD1DE4F0E70093134D /* Build configuration list for PBXNativeTarget "cawlTester" */;
			buildPhases = (
				912977A31DE4F0E70093134D /* Sources */,
				912977A41DE4F0E70093134D /* Frameworks */,
				912977A51DE4F0E70093134D /* CopyFiles */,
			);
			buildRules = (
			);
			dependencies = (
			);
			name = cawlTester;
			productName = cawlTester;
			productReference = 912977A71DE4F0E70093134D /* cawlTester */;
			productType = "com.apple.product-type.tool";
		};
		91CAEC7B1DC8584600CEF065 /* CAWL */ = {
			isa = PBXNativeTarget;
			buildConfigurationList = 91CAEC871DC8584600CEF065 /* Build configuration list for PBXNativeTarget "CAWL" */;
			buildPhases = (
				91CAEC781DC8584600CEF065 /* Sources */,
				91CAEC791DC8584600CEF065 /* Frameworks */,
				91CAEC7A1DC8584600CEF065 /* Headers */,
			);
			buildRules = (
			);
			dependencies = (
			);
			name = CAWL;
			productName = CAWL;
			productReference = 91CAEC7C1DC8584600CEF065 /* libCAWL.a */;
			productType = "com.apple.product-type.library.static";
		};
		91CAEC8D1DC8587900CEF065 /* cawlDemoMac */ = {
			isa = PBXNativeTarget;
			buildConfigurationList = 91CAEC9F1DC8587900CEF065 /* Build configuration list for PBXNativeTarget "cawlDemoMac" */;
			buildPhases = (
				91CAEC8A1DC8587900CEF065 /* Sources */,
				91CAEC8B1DC8587900CEF065 /* Frameworks */,
				91CAEC8C1DC8587900CEF065 /* Resources */,
			);
			buildRules = (
			);
			dependencies = (
			);
			name = cawlDemoMac;
			productName = cawlDemoMac;
			productReference = 91CAEC8E1DC8587900CEF065 /* cawlDemoMac.app */;
			productType = "com.apple.product-type.application";
		};
/* End PBXNativeTarget section */

/* Begin PBXProject section */
		91CAEC741DC8584600CEF065 /* Project object */ = {
			isa = PBXProject;
			attributes = {
				LastUpgradeCheck = 0810;
				ORGANIZATIONNAME = "Moses Lee";
				TargetAttributes = {
					912977A61DE4F0E70093134D = {
						CreatedOnToolsVersion = 8.1;
						ProvisioningStyle = Automatic;
					};
					91CAEC7B1DC8584600CEF065 = {
						CreatedOnToolsVersion = 8.1;
						ProvisioningStyle = Automatic;
					};
					91CAEC8D1DC8587900CEF065 = {
						CreatedOnToolsVersion = 8.1;
						ProvisioningStyle = Automatic;
					};
				};
			};
			buildConfigurationList = 91CAEC771DC8584600CEF065 /* Build configuration list for PBXProject "CAWL" */;
			compatibilityVersion = "Xcode 3.2";
			developmentRegion = English;
			hasScannedForEncodings = 0;
			knownRegions = (
				en,
				Base,
			);
			mainGroup = 91CAEC731DC8584600CEF065;
			productRefGroup = 91CAEC7D1DC8584600CEF065 /* Products */;
			projectDirPath = "";
			projectRoot = "";
			targets = (
				91CAEC7B1DC8584600CEF065 /* CAWL */,
				91CAEC8D1DC8587900CEF065 /* cawlDemoMac */,
				912977A61DE4F0E70093134D /* cawlTester */,
			);
		};
/* End PBXProject section */

/* Begin PBXResourcesBuildPhase section */
		91CAEC8C1DC8587900CEF065 /* Resources */ = {
			isa = PBXResourcesBuildPhase;
			buildActionMask = 2147483647;
			files = (
				91CAEC9A1DC8587900CEF065 /* Assets.xcassets in Resources */,
				91CAEC9D1DC8587900CEF065 /* Main.storyboard in Resources */,
			);
			runOnlyForDeploymentPostprocessing = 0;
		};
/* End PBXResourcesBuildPhase section */

/* Begin PBXSourcesBuildPhase section */
		912977A31DE4F0E70093134D /* Sources */ = {
			isa = PBXSourcesBuildPhase;
			buildActionMask = 2147483647;
			files = (
				9191B3A91F818CA9004C6F33 /* CAWLPeakEqualizer.cpp in Sources */,
				912977AA1DE4F0E70093134D /* main.cpp in Sources */,
				910A953D1F6B760A009DA4A1 /* CAWLUtilities.cpp in Sources */,
				9177E63E1F7CCEFA00D36C46 /* CAWLHighPassFilter.cpp in Sources */,
				912E051A1F8023BF00C13E55 /* CAWLUniversalCombFilter.cpp in Sources */,
				9177E6391F785D5500D36C46 /* CAWLAmpSimulator.cpp in Sources */,
				9191B3A11F804543004C6F33 /* CAWLIIRCombFilter.cpp in Sources */,
				91DC3E581F874D6C00E3DB09 /* CAWLHighShelfFilter.cpp in Sources */,
				912E05151F8023AE00C13E55 /* CAWLCombFilter.cpp in Sources */,
				912E051C1F80254800C13E55 /* CAWLFIRCombFilter.cpp in Sources */,
				91DC3E511F871F5B00E3DB09 /* CAWLLowShelfFilter.cpp in Sources */,
				911097F51F6DF9F7002A9A92 /* CAWLValveTubeSimulator.cpp in Sources */,
				912977AE1DE4F8600093134D /* CARingBuffer.cpp in Sources */,
				9191B3AE1F85EEC5004C6F33 /* CAWLLowPassFilter.cpp in Sources */,
				9191B3B21F85F62B004C6F33 /* CAWLBiQuadFilter.cpp in Sources */,
				912977AF1DE4F8600093134D /* CAWLRingBuffer.cpp in Sources */,
				912977B11DE4F8600093134D /* CAWL.cpp in Sources */,
				911097F41F6DF9F7002A9A92 /* CAWLSoundBoard.cpp in Sources */,
				912E05111F8019F800C13E55 /* CAWLDelayLine.cpp in Sources */,
				917A9AD91F6C366000422478 /* CAWLAudioUnit.cpp in Sources */,
			);
			runOnlyForDeploymentPostprocessing = 0;
		};
		91CAEC781DC8584600CEF065 /* Sources */ = {
			isa = PBXSourcesBuildPhase;
			buildActionMask = 2147483647;
			files = (
				9191B3A81F818CA9004C6F33 /* CAWLPeakEqualizer.cpp in Sources */,
				911098021F6F2387002A9A92 /* CAWLFIRCombFilter.cpp in Sources */,
				91062DE41DE3983100BCBDA0 /* CAWLRingBuffer.cpp in Sources */,
				9177E63F1F7CCEFC00D36C46 /* CAWLHighPassFilter.cpp in Sources */,
				912CE4451F6B3C1B009F41AA /* CAWLUtilities.cpp in Sources */,
				911097FE1F6F22F2002A9A92 /* CAWLDelayLine.cpp in Sources */,
				91DC3E521F871F5C00E3DB09 /* CAWLLowShelfFilter.cpp in Sources */,
				9191B3B11F85F62B004C6F33 /* CAWLBiQuadFilter.cpp in Sources */,
				91062DE01DE397E900BCBDA0 /* CARingBuffer.cpp in Sources */,
				91CAEC841DC8584600CEF065 /* CAWL.cpp in Sources */,
				912E05191F8023BF00C13E55 /* CAWLUniversalCombFilter.cpp in Sources */,
				911098061F6F2393002A9A92 /* CAWLIIRCombFilter.cpp in Sources */,
				91DC3E571F874D6C00E3DB09 /* CAWLHighShelfFilter.cpp in Sources */,
				912E05141F8023AE00C13E55 /* CAWLCombFilter.cpp in Sources */,
				912CE4411F6B3BB8009F41AA /* CAWLAudioUnit.cpp in Sources */,
			);
			runOnlyForDeploymentPostprocessing = 0;
		};
		91CAEC8A1DC8587900CEF065 /* Sources */ = {
			isa = PBXSourcesBuildPhase;
			buildActionMask = 2147483647;
			files = (
				91CAEC981DC8587900CEF065 /* ViewController.mm in Sources */,
				911097F71F6DFA85002A9A92 /* CAWLUtilities.cpp in Sources */,
				91CAEC951DC8587900CEF065 /* main.m in Sources */,
				911097F61F6DFA82002A9A92 /* CAWLAudioUnit.cpp in Sources */,
				911097F31F6DA127002A9A92 /* CAWLValveTubeSimulator.cpp in Sources */,
				912977B71DE4F8610093134D /* CAWLRingBuffer.cpp in Sources */,
				91CAEC921DC8587900CEF065 /* AppDelegate.mm in Sources */,
				912977B61DE4F8610093134D /* CARingBuffer.cpp in Sources */,
				9191B3AD1F819300004C6F33 /* SoundTab.m in Sources */,
				911097F01F6DA0D7002A9A92 /* CAWLSoundBoard.cpp in Sources */,
				912977B91DE4F8610093134D /* CAWL.cpp in Sources */,
			);
			runOnlyForDeploymentPostprocessing = 0;
		};
/* End PBXSourcesBuildPhase section */

/* Begin PBXVariantGroup section */
		91CAEC9B1DC8587900CEF065 /* Main.storyboard */ = {
			isa = PBXVariantGroup;
			children = (
				91CAEC9C1DC8587900CEF065 /* Base */,
			);
			name = Main.storyboard;
			sourceTree = "<group>";
		};
/* End PBXVariantGroup section */

/* Begin XCBuildConfiguration section */
		912977AB1DE4F0E70093134D /* Debug */ = {
			isa = XCBuildConfiguration;
			buildSettings = {
				PRODUCT_NAME = "$(TARGET_NAME)";
			};
			name = Debug;
		};
		912977AC1DE4F0E70093134D /* Release */ = {
			isa = XCBuildConfiguration;
			buildSettings = {
				PRODUCT_NAME = "$(TARGET_NAME)";
			};
			name = Release;
		};
		91CAEC851DC8584600CEF065 /* Debug */ = {
			isa = XCBuildConfiguration;
			buildSettings = {
				ALWAYS_SEARCH_USER_PATHS = NO;
				CLANG_ANALYZER_NONNULL = YES;
				CLANG_CXX_LANGUAGE_STANDARD = "gnu++0x";
				CLANG_CXX_LIBRARY = "libc++";
				CLANG_ENABLE_MODULES = YES;
				CLANG_ENABLE_OBJC_ARC = YES;
				CLANG_WARN_BOOL_CONVERSION = YES;
				CLANG_WARN_CONSTANT_CONVERSION = YES;
				CLANG_WARN_DIRECT_OBJC_ISA_USAGE = YES_ERROR;
				CLANG_WARN_DOCUMENTATION_COMMENTS = YES;
				CLANG_WARN_EMPTY_BODY = YES;
				CLANG_WARN_ENUM_CONVERSION = YES;
				CLANG_WARN_INFINITE_RECURSION = YES;
				CLANG_WARN_INT_CONVERSION = YES;
				CLANG_WARN_OBJC_ROOT_CLASS = YES_ERROR;
				CLANG_WARN_SUSPICIOUS_MOVES = YES;
				CLANG_WARN_UNREACHABLE_CODE = YES;
				CLANG_WARN__DUPLICATE_METHOD_MATCH = YES;
				CODE_SIGN_IDENTITY = "-";
				COPY_PHASE_STRIP = NO;
				DEBUG_INFORMATION_FORMAT = dwarf;
				ENABLE_STRICT_OBJC_MSGSEND = YES;
				ENABLE_TESTABILITY = YES;
				GCC_C_LANGUAGE_STANDARD = gnu99;
				GCC_DYNAMIC_NO_PIC = NO;
				GCC_NO_COMMON_BLOCKS = YES;
				GCC_OPTIMIZATION_LEVEL = 0;
				GCC_PREPROCESSOR_DEFINITIONS = (
					"DEBUG=1",
					"$(inherited)",
				);
				GCC_WARN_64_TO_32_BIT_CONVERSION = YES;
				GCC_WARN_ABOUT_RETURN_TYPE = YES_ERROR;
				GCC_WARN_UNDECLARED_SELECTOR = YES;
				GCC_WARN_UNINITIALIZED_AUTOS = YES_AGGRESSIVE;
				GCC_WARN_UNUSED_FUNCTION = YES;
				GCC_WARN_UNUSED_VARIABLE = YES;
				MACOSX_DEPLOYMENT_TARGET = 10.11;
				MTL_ENABLE_DEBUG_INFO = YES;
				ONLY_ACTIVE_ARCH = YES;
				SDKROOT = macosx;
			};
			name = Debug;
		};
		91CAEC861DC8584600CEF065 /* Release */ = {
			isa = XCBuildConfiguration;
			buildSettings = {
				ALWAYS_SEARCH_USER_PATHS = NO;
				CLANG_ANALYZER_NONNULL = YES;
				CLANG_CXX_LANGUAGE_STANDARD = "gnu++0x";
				CLANG_CXX_LIBRARY = "libc++";
				CLANG_ENABLE_MODULES = YES;
				CLANG_ENABLE_OBJC_ARC = YES;
				CLANG_WARN_BOOL_CONVERSION = YES;
				CLANG_WARN_CONSTANT_CONVERSION = YES;
				CLANG_WARN_DIRECT_OBJC_ISA_USAGE = YES_ERROR;
				CLANG_WARN_DOCUMENTATION_COMMENTS = YES;
				CLANG_WARN_EMPTY_BODY = YES;
				CLANG_WARN_ENUM_CONVERSION = YES;
				CLANG_WARN_INFINITE_RECURSION = YES;
				CLANG_WARN_INT_CONVERSION = YES;
				CLANG_WARN_OBJC_ROOT_CLASS = YES_ERROR;
				CLANG_WARN_SUSPICIOUS_MOVES = YES;
				CLANG_WARN_UNREACHABLE_CODE = YES;
				CLANG_WARN__DUPLICATE_METHOD_MATCH = YES;
				CODE_SIGN_IDENTITY = "-";
				COPY_PHASE_STRIP = NO;
				DEBUG_INFORMATION_FORMAT = "dwarf-with-dsym";
				ENABLE_NS_ASSERTIONS = NO;
				ENABLE_STRICT_OBJC_MSGSEND = YES;
				GCC_C_LANGUAGE_STANDARD = gnu99;
				GCC_NO_COMMON_BLOCKS = YES;
				GCC_WARN_64_TO_32_BIT_CONVERSION = YES;
				GCC_WARN_ABOUT_RETURN_TYPE = YES_ERROR;
				GCC_WARN_UNDECLARED_SELECTOR = YES;
				GCC_WARN_UNINITIALIZED_AUTOS = YES_AGGRESSIVE;
				GCC_WARN_UNUSED_FUNCTION = YES;
				GCC_WARN_UNUSED_VARIABLE = YES;
				MACOSX_DEPLOYMENT_TARGET = 10.11;
				MTL_ENABLE_DEBUG_INFO = NO;
				SDKROOT = macosx;
			};
			name = Release;
		};
		91CAEC881DC8584600CEF065 /* Debug */ = {
			isa = XCBuildConfiguration;
			buildSettings = {
				EXECUTABLE_PREFIX = lib;
				GCC_ENABLE_CPP_EXCEPTIONS = YES;
				GCC_ENABLE_CPP_RTTI = YES;
				PRODUCT_NAME = "$(TARGET_NAME)";
			};
			name = Debug;
		};
		91CAEC891DC8584600CEF065 /* Release */ = {
			isa = XCBuildConfiguration;
			buildSettings = {
				EXECUTABLE_PREFIX = lib;
				GCC_ENABLE_CPP_EXCEPTIONS = YES;
				GCC_ENABLE_CPP_RTTI = YES;
				PRODUCT_NAME = "$(TARGET_NAME)";
			};
			name = Release;
		};
		91CAECA01DC8587900CEF065 /* Debug */ = {
			isa = XCBuildConfiguration;
			buildSettings = {
				ASSETCATALOG_COMPILER_APPICON_NAME = AppIcon;
				COMBINE_HIDPI_IMAGES = YES;
				INFOPLIST_FILE = cawlDemoMac/Info.plist;
				LD_RUNPATH_SEARCH_PATHS = "$(inherited) @executable_path/../Frameworks";
				PRODUCT_BUNDLE_IDENTIFIER = com.moseslee.cawlDemoMac;
				PRODUCT_NAME = "$(TARGET_NAME)";
			};
			name = Debug;
		};
		91CAECA11DC8587900CEF065 /* Release */ = {
			isa = XCBuildConfiguration;
			buildSettings = {
				ASSETCATALOG_COMPILER_APPICON_NAME = AppIcon;
				COMBINE_HIDPI_IMAGES = YES;
				INFOPLIST_FILE = cawlDemoMac/Info.plist;
				LD_RUNPATH_SEARCH_PATHS = "$(inherited) @executable_path/../Frameworks";
				PRODUCT_BUNDLE_IDENTIFIER = com.moseslee.cawlDemoMac;
				PRODUCT_NAME = "$(TARGET_NAME)";
			};
			name = Release;
		};
/* End XCBuildConfiguration section */

/* Begin XCConfigurationList section */
		912977AD1DE4F0E70093134D /* Build configuration list for PBXNativeTarget "cawlTester" */ = {
			isa = XCConfigurationList;
			buildConfigurations = (
				912977AB1DE4F0E70093134D /* Debug */,
				912977AC1DE4F0E70093134D /* Release */,
			);
			defaultConfigurationIsVisible = 0;
			defaultConfigurationName = Release;
		};
		91CAEC771DC8584600CEF065 /* Build configuration list for PBXProject "CAWL" */ = {
			isa = XCConfigurationList;
			buildConfigurations = (
				91CAEC851DC8584600CEF065 /* Debug */,
				91CAEC861DC8584600CEF065 /* Release */,
			);
			defaultConfigurationIsVisible = 0;
			defaultConfigurationName = Release;
		};
		91CAEC871DC8584600CEF065 /* Build configuration list for PBXNativeTarget "CAWL" */ = {
			isa = XCConfigurationList;
			buildConfigurations = (
				91CAEC881DC8584600CEF065 /* Debug */,
				91CAEC891DC8584600CEF065 /* Release */,
			);
			defaultConfigurationIsVisible = 0;
			defaultConfigurationName = Release;
		};
		91CAEC9F1DC8587900CEF065 /* Build configuration list for PBXNativeTarget "cawlDemoMac" */ = {
			isa = XCConfigurationList;
			buildConfigurations = (
				91CAECA01DC8587900CEF065 /* Debug */,
				91CAECA11DC8587900CEF065 /* Release */,
			);
			defaultConfigurationIsVisible = 0;
			defaultConfigurationName = Release;
		};
/* End XCConfigurationList section */
	};
	rootObject = 91CAEC741DC8584600CEF065 /* Project object */;
}
