// !$*UTF8*$!
{
	archiveVersion = 1;
	classes = {
	};
	objectVersion = 46;
	objects = {

/* Begin PBXBuildFile section */
		91062DBB1DE396A700BCBDA0 /* AudioToolbox.framework in Frameworks */ = {isa = PBXBuildFile; fileRef = 91062DBA1DE396A700BCBDA0 /* AudioToolbox.framework */; };
		91062DDD1DE397E900BCBDA0 /* CAAtomic.h in Headers */ = {isa = PBXBuildFile; fileRef = 91062DD81DE397E900BCBDA0 /* CAAtomic.h */; };
		91062DDE1DE397E900BCBDA0 /* CAAutoDisposer.h in Headers */ = {isa = PBXBuildFile; fileRef = 91062DD91DE397E900BCBDA0 /* CAAutoDisposer.h */; };
		91062DDF1DE397E900BCBDA0 /* CABitOperations.h in Headers */ = {isa = PBXBuildFile; fileRef = 91062DDA1DE397E900BCBDA0 /* CABitOperations.h */; };
		91062DE01DE397E900BCBDA0 /* CARingBuffer.cpp in Sources */ = {isa = PBXBuildFile; fileRef = 91062DDB1DE397E900BCBDA0 /* CARingBuffer.cpp */; };
		91062DE11DE397E900BCBDA0 /* CARingBuffer.h in Headers */ = {isa = PBXBuildFile; fileRef = 91062DDC1DE397E900BCBDA0 /* CARingBuffer.h */; };
		91062DE41DE3983100BCBDA0 /* CAWLRingBuffer.cpp in Sources */ = {isa = PBXBuildFile; fileRef = 91062DE21DE3983100BCBDA0 /* CAWLRingBuffer.cpp */; };
		91062DE51DE3983100BCBDA0 /* CAWLRingBuffer.hpp in Headers */ = {isa = PBXBuildFile; fileRef = 91062DE31DE3983100BCBDA0 /* CAWLRingBuffer.hpp */; };
		910A953D1F6B760A009DA4A1 /* CAWLUtilities.cpp in Sources */ = {isa = PBXBuildFile; fileRef = 912CE4431F6B3C1B009F41AA /* CAWLUtilities.cpp */; };
		910FB4FB1F94186A000ED66C /* CAWLLowPassFilter.cpp in Sources */ = {isa = PBXBuildFile; fileRef = 910FB4FA1F941842000ED66C /* CAWLLowPassFilter.cpp */; };
		910FB4FC1F94186B000ED66C /* CAWLLowPassFilter.cpp in Sources */ = {isa = PBXBuildFile; fileRef = 910FB4FA1F941842000ED66C /* CAWLLowPassFilter.cpp */; };
		910FB50B1F9482AA000ED66C /* EqualizerUI.mm in Sources */ = {isa = PBXBuildFile; fileRef = 910FB50A1F9482AA000ED66C /* EqualizerUI.mm */; };
		910FB50E1F9489A1000ED66C /* ChorusUI.mm in Sources */ = {isa = PBXBuildFile; fileRef = 910FB50D1F9489A1000ED66C /* ChorusUI.mm */; };
		910FB5111F9489B1000ED66C /* WahUI.mm in Sources */ = {isa = PBXBuildFile; fileRef = 910FB5101F9489B1000ED66C /* WahUI.mm */; };
		910FB5141F9489C1000ED66C /* ReverbUI.mm in Sources */ = {isa = PBXBuildFile; fileRef = 910FB5131F9489C1000ED66C /* ReverbUI.mm */; };
		910FB5191F948CC4000ED66C /* CAWLFlanger.cpp in Sources */ = {isa = PBXBuildFile; fileRef = 910FB5151F948CB8000ED66C /* CAWLFlanger.cpp */; };
		910FB51A1F948CC4000ED66C /* CAWLFlanger.cpp in Sources */ = {isa = PBXBuildFile; fileRef = 910FB5151F948CB8000ED66C /* CAWLFlanger.cpp */; };
		910FB51F1F948CD4000ED66C /* CAWLPhaser.cpp in Sources */ = {isa = PBXBuildFile; fileRef = 910FB51B1F948CD0000ED66C /* CAWLPhaser.cpp */; };
		910FB5201F948CD5000ED66C /* CAWLPhaser.cpp in Sources */ = {isa = PBXBuildFile; fileRef = 910FB51B1F948CD0000ED66C /* CAWLPhaser.cpp */; };
		910FB5251F948D7D000ED66C /* CAWLReverb.cpp in Sources */ = {isa = PBXBuildFile; fileRef = 910FB5211F948D7A000ED66C /* CAWLReverb.cpp */; };
		910FB5261F948D7F000ED66C /* CAWLReverb.cpp in Sources */ = {isa = PBXBuildFile; fileRef = 910FB5211F948D7A000ED66C /* CAWLReverb.cpp */; };
		910FB52B1F948DA7000ED66C /* CAWLCompressor.cpp in Sources */ = {isa = PBXBuildFile; fileRef = 910FB5271F948D9E000ED66C /* CAWLCompressor.cpp */; };
		910FB52C1F948DA8000ED66C /* CAWLCompressor.cpp in Sources */ = {isa = PBXBuildFile; fileRef = 910FB5271F948D9E000ED66C /* CAWLCompressor.cpp */; };
		911097F61F6DFA82002A9A92 /* CAWLAudioUnit.cpp in Sources */ = {isa = PBXBuildFile; fileRef = 912CE43F1F6B3BB8009F41AA /* CAWLAudioUnit.cpp */; settings = {COMPILER_FLAGS = "-fno-objc-arc"; }; };
		911097F71F6DFA85002A9A92 /* CAWLUtilities.cpp in Sources */ = {isa = PBXBuildFile; fileRef = 912CE4431F6B3C1B009F41AA /* CAWLUtilities.cpp */; settings = {COMPILER_FLAGS = "-fno-objc-arc"; }; };
		912977AA1DE4F0E70093134D /* main.cpp in Sources */ = {isa = PBXBuildFile; fileRef = 912977A91DE4F0E70093134D /* main.cpp */; };
		912977AE1DE4F8600093134D /* CARingBuffer.cpp in Sources */ = {isa = PBXBuildFile; fileRef = 91062DDB1DE397E900BCBDA0 /* CARingBuffer.cpp */; };
		912977AF1DE4F8600093134D /* CAWLRingBuffer.cpp in Sources */ = {isa = PBXBuildFile; fileRef = 91062DE21DE3983100BCBDA0 /* CAWLRingBuffer.cpp */; };
		912977B11DE4F8600093134D /* CAWL.cpp in Sources */ = {isa = PBXBuildFile; fileRef = 91CAEC831DC8584600CEF065 /* CAWL.cpp */; };
		912977B61DE4F8610093134D /* CARingBuffer.cpp in Sources */ = {isa = PBXBuildFile; fileRef = 91062DDB1DE397E900BCBDA0 /* CARingBuffer.cpp */; settings = {COMPILER_FLAGS = "-fno-objc-arc"; }; };
		912977B71DE4F8610093134D /* CAWLRingBuffer.cpp in Sources */ = {isa = PBXBuildFile; fileRef = 91062DE21DE3983100BCBDA0 /* CAWLRingBuffer.cpp */; settings = {COMPILER_FLAGS = "-fno-objc-arc"; }; };
		912977B91DE4F8610093134D /* CAWL.cpp in Sources */ = {isa = PBXBuildFile; fileRef = 91CAEC831DC8584600CEF065 /* CAWL.cpp */; settings = {COMPILER_FLAGS = "-fno-objc-arc"; }; };
		912977BA1DE4F8850093134D /* AudioToolbox.framework in Frameworks */ = {isa = PBXBuildFile; fileRef = 91062DBA1DE396A700BCBDA0 /* AudioToolbox.framework */; };
		912977BB1DE4F8850093134D /* CoreAudio.framework in Frameworks */ = {isa = PBXBuildFile; fileRef = 91CAECA31DC8597C00CEF065 /* CoreAudio.framework */; };
		912CE4411F6B3BB8009F41AA /* CAWLAudioUnit.cpp in Sources */ = {isa = PBXBuildFile; fileRef = 912CE43F1F6B3BB8009F41AA /* CAWLAudioUnit.cpp */; };
		912CE4421F6B3BB8009F41AA /* CAWLAudioUnit.hpp in Headers */ = {isa = PBXBuildFile; fileRef = 912CE4401F6B3BB8009F41AA /* CAWLAudioUnit.hpp */; };
		912CE4451F6B3C1B009F41AA /* CAWLUtilities.cpp in Sources */ = {isa = PBXBuildFile; fileRef = 912CE4431F6B3C1B009F41AA /* CAWLUtilities.cpp */; };
		912CE4461F6B3C1B009F41AA /* CAWLUtilities.hpp in Headers */ = {isa = PBXBuildFile; fileRef = 912CE4441F6B3C1B009F41AA /* CAWLUtilities.hpp */; };
		912E05111F8019F800C13E55 /* CAWLDelayLine.cpp in Sources */ = {isa = PBXBuildFile; fileRef = 911097FC1F6F22F2002A9A92 /* CAWLDelayLine.cpp */; };
		912E05151F8023AE00C13E55 /* CAWLCombFilter.cpp in Sources */ = {isa = PBXBuildFile; fileRef = 912E05121F8023AE00C13E55 /* CAWLCombFilter.cpp */; };
		912E051A1F8023BF00C13E55 /* CAWLUniversalCombFilter.cpp in Sources */ = {isa = PBXBuildFile; fileRef = 912E05171F8023BF00C13E55 /* CAWLUniversalCombFilter.cpp */; };
		912E051C1F80254800C13E55 /* CAWLFIRCombFilter.cpp in Sources */ = {isa = PBXBuildFile; fileRef = 911098001F6F2387002A9A92 /* CAWLFIRCombFilter.cpp */; };
		915F833E1F5F174B00D4F422 /* AudioToolbox.framework in Frameworks */ = {isa = PBXBuildFile; fileRef = 91062DBA1DE396A700BCBDA0 /* AudioToolbox.framework */; };
		915F83401F5F174B00D4F422 /* AudioUnit.framework in Frameworks */ = {isa = PBXBuildFile; fileRef = 915F833F1F5F174B00D4F422 /* AudioUnit.framework */; };
		916FF5B31FA52BCF00DEF09A /* CAWLModDelayEffect.cpp in Sources */ = {isa = PBXBuildFile; fileRef = 916FF5B11FA52BCF00DEF09A /* CAWLModDelayEffect.cpp */; };
		916FF5B41FA52BCF00DEF09A /* CAWLModDelayEffect.cpp in Sources */ = {isa = PBXBuildFile; fileRef = 916FF5B11FA52BCF00DEF09A /* CAWLModDelayEffect.cpp */; };
		9177E63E1F7CCEFA00D36C46 /* CAWLHighPassFilter.cpp in Sources */ = {isa = PBXBuildFile; fileRef = 9177E63D1F7CCE4600D36C46 /* CAWLHighPassFilter.cpp */; };
		917A9AD91F6C366000422478 /* CAWLAudioUnit.cpp in Sources */ = {isa = PBXBuildFile; fileRef = 912CE43F1F6B3BB8009F41AA /* CAWLAudioUnit.cpp */; };
		9191B3A11F804543004C6F33 /* CAWLIIRCombFilter.cpp in Sources */ = {isa = PBXBuildFile; fileRef = 911098041F6F2393002A9A92 /* CAWLIIRCombFilter.cpp */; };
		9191B3B21F85F62B004C6F33 /* CAWLBiQuadFilter.cpp in Sources */ = {isa = PBXBuildFile; fileRef = 9191B3AF1F85F62B004C6F33 /* CAWLBiQuadFilter.cpp */; };
		91BB1F231F9EF3DE000804CE /* CAWLTriangleWaveOsc.cpp in Sources */ = {isa = PBXBuildFile; fileRef = 91BB1F211F9EF3DE000804CE /* CAWLTriangleWaveOsc.cpp */; };
		91BB1F241F9EF3DE000804CE /* CAWLTriangleWaveOsc.cpp in Sources */ = {isa = PBXBuildFile; fileRef = 91BB1F211F9EF3DE000804CE /* CAWLTriangleWaveOsc.cpp */; };
		91BB1F261F9EF75F000804CE /* CAWLOscillator.cpp in Sources */ = {isa = PBXBuildFile; fileRef = 91BB1F251F9EF75F000804CE /* CAWLOscillator.cpp */; };
		91BB1F271F9EF75F000804CE /* CAWLOscillator.cpp in Sources */ = {isa = PBXBuildFile; fileRef = 91BB1F251F9EF75F000804CE /* CAWLOscillator.cpp */; };
		91BB1F2A1FA841A3000804CE /* DelayLine.cpp in Sources */ = {isa = PBXBuildFile; fileRef = 91BB1F281FA841A2000804CE /* DelayLine.cpp */; };
		91BB1F2B1FA841A3000804CE /* DelayLine.cpp in Sources */ = {isa = PBXBuildFile; fileRef = 91BB1F281FA841A2000804CE /* DelayLine.cpp */; };
		91CAEC801DC8584600CEF065 /* CAWL.hpp in Headers */ = {isa = PBXBuildFile; fileRef = 91CAEC7F1DC8584600CEF065 /* CAWL.hpp */; };
		91CAEC841DC8584600CEF065 /* CAWL.cpp in Sources */ = {isa = PBXBuildFile; fileRef = 91CAEC831DC8584600CEF065 /* CAWL.cpp */; };
		91CAEC921DC8587900CEF065 /* AppDelegate.mm in Sources */ = {isa = PBXBuildFile; fileRef = 91CAEC911DC8587900CEF065 /* AppDelegate.mm */; };
		91CAEC951DC8587900CEF065 /* main.m in Sources */ = {isa = PBXBuildFile; fileRef = 91CAEC941DC8587900CEF065 /* main.m */; };
		91CAEC981DC8587900CEF065 /* ViewController.mm in Sources */ = {isa = PBXBuildFile; fileRef = 91CAEC971DC8587900CEF065 /* ViewController.mm */; };
		91CAEC9A1DC8587900CEF065 /* Assets.xcassets in Resources */ = {isa = PBXBuildFile; fileRef = 91CAEC991DC8587900CEF065 /* Assets.xcassets */; };
		91CAEC9D1DC8587900CEF065 /* Main.storyboard in Resources */ = {isa = PBXBuildFile; fileRef = 91CAEC9B1DC8587900CEF065 /* Main.storyboard */; };
		91CAECA41DC8597C00CEF065 /* CoreAudio.framework in Frameworks */ = {isa = PBXBuildFile; fileRef = 91CAECA31DC8597C00CEF065 /* CoreAudio.framework */; };
		91CAECA51DC8598500CEF065 /* CoreAudio.framework in Frameworks */ = {isa = PBXBuildFile; fileRef = 91CAECA31DC8597C00CEF065 /* CoreAudio.framework */; };
		91DC3E511F871F5B00E3DB09 /* CAWLLowShelfFilter.cpp in Sources */ = {isa = PBXBuildFile; fileRef = 91DC3E4F1F871DF600E3DB09 /* CAWLLowShelfFilter.cpp */; };
		91DC3E581F874D6C00E3DB09 /* CAWLHighShelfFilter.cpp in Sources */ = {isa = PBXBuildFile; fileRef = 91DC3E551F874D6C00E3DB09 /* CAWLHighShelfFilter.cpp */; };
		91DC3E641F88995900E3DB09 /* CAWLPeakFilter.cpp in Sources */ = {isa = PBXBuildFile; fileRef = 91DC3E621F88991600E3DB09 /* CAWLPeakFilter.cpp */; };
		91E056E11F906749008A5B25 /* CAWLEqualizer.cpp in Sources */ = {isa = PBXBuildFile; fileRef = 91E056DE1F906749008A5B25 /* CAWLEqualizer.cpp */; };
		91E056EC1F907044008A5B25 /* CAWLValveTubeSimulator.cpp in Sources */ = {isa = PBXBuildFile; fileRef = 91E056E61F9069A0008A5B25 /* CAWLValveTubeSimulator.cpp */; };
		91E056F01F907334008A5B25 /* CAWLDelayEffect.cpp in Sources */ = {isa = PBXBuildFile; fileRef = 91E056ED1F907334008A5B25 /* CAWLDelayEffect.cpp */; };
		91E056F51F907340008A5B25 /* CAWLChorus.cpp in Sources */ = {isa = PBXBuildFile; fileRef = 91E056F21F907340008A5B25 /* CAWLChorus.cpp */; };
		91E056F91F909910008A5B25 /* SoundTab.mm in Sources */ = {isa = PBXBuildFile; fileRef = 91E056F81F909910008A5B25 /* SoundTab.mm */; };
		91E056FC1F9146B8008A5B25 /* TapTempoCounter.mm in Sources */ = {isa = PBXBuildFile; fileRef = 91E056FB1F9146B8008A5B25 /* TapTempoCounter.mm */; };
		91E056FF1F914A8E008A5B25 /* DelayUI.mm in Sources */ = {isa = PBXBuildFile; fileRef = 91E056FE1F914A8E008A5B25 /* DelayUI.mm */; };
		91E057021F914B9F008A5B25 /* AmpUI.mm in Sources */ = {isa = PBXBuildFile; fileRef = 91E057011F914B9F008A5B25 /* AmpUI.mm */; };
		91E057031F9168A5008A5B25 /* CAWLSoundBoard.cpp in Sources */ = {isa = PBXBuildFile; fileRef = 91E056E81F9069A4008A5B25 /* CAWLSoundBoard.cpp */; settings = {COMPILER_FLAGS = "-fno-objc-arc"; }; };
		91E057051F91779E008A5B25 /* CAWLEqualizer.cpp in Sources */ = {isa = PBXBuildFile; fileRef = 91E056DE1F906749008A5B25 /* CAWLEqualizer.cpp */; settings = {COMPILER_FLAGS = "-fno-objc-arc"; }; };
		91E057061F9177A1008A5B25 /* CAWLDelayEffect.cpp in Sources */ = {isa = PBXBuildFile; fileRef = 91E056ED1F907334008A5B25 /* CAWLDelayEffect.cpp */; settings = {COMPILER_FLAGS = "-fno-objc-arc"; }; };
		91E057071F9177A3008A5B25 /* CAWLChorus.cpp in Sources */ = {isa = PBXBuildFile; fileRef = 91E056F21F907340008A5B25 /* CAWLChorus.cpp */; settings = {COMPILER_FLAGS = "-fno-objc-arc"; }; };
		91E057081F9177A6008A5B25 /* CAWLValveTubeSimulator.cpp in Sources */ = {isa = PBXBuildFile; fileRef = 91E056E61F9069A0008A5B25 /* CAWLValveTubeSimulator.cpp */; settings = {COMPILER_FLAGS = "-fno-objc-arc"; }; };
		91E057091F9177BC008A5B25 /* CAWLBiQuadFilter.cpp in Sources */ = {isa = PBXBuildFile; fileRef = 9191B3AF1F85F62B004C6F33 /* CAWLBiQuadFilter.cpp */; settings = {COMPILER_FLAGS = "-fno-objc-arc"; }; };
		91E0570A1F9177BC008A5B25 /* CAWLLowShelfFilter.cpp in Sources */ = {isa = PBXBuildFile; fileRef = 91DC3E4F1F871DF600E3DB09 /* CAWLLowShelfFilter.cpp */; settings = {COMPILER_FLAGS = "-fno-objc-arc"; }; };
		91E0570B1F9177BC008A5B25 /* CAWLHighShelfFilter.cpp in Sources */ = {isa = PBXBuildFile; fileRef = 91DC3E551F874D6C00E3DB09 /* CAWLHighShelfFilter.cpp */; settings = {COMPILER_FLAGS = "-fno-objc-arc"; }; };
		91E0570C1F9177BC008A5B25 /* CAWLPeakFilter.cpp in Sources */ = {isa = PBXBuildFile; fileRef = 91DC3E621F88991600E3DB09 /* CAWLPeakFilter.cpp */; settings = {COMPILER_FLAGS = "-fno-objc-arc"; }; };
		91E0570D1F9177BC008A5B25 /* CAWLHighPassFilter.cpp in Sources */ = {isa = PBXBuildFile; fileRef = 9177E63D1F7CCE4600D36C46 /* CAWLHighPassFilter.cpp */; settings = {COMPILER_FLAGS = "-fno-objc-arc"; }; };
		91E0570F1F9177BC008A5B25 /* CAWLFIRCombFilter.cpp in Sources */ = {isa = PBXBuildFile; fileRef = 911098001F6F2387002A9A92 /* CAWLFIRCombFilter.cpp */; settings = {COMPILER_FLAGS = "-fno-objc-arc"; }; };
		91E057101F9177BC008A5B25 /* CAWLIIRCombFilter.cpp in Sources */ = {isa = PBXBuildFile; fileRef = 911098041F6F2393002A9A92 /* CAWLIIRCombFilter.cpp */; settings = {COMPILER_FLAGS = "-fno-objc-arc"; }; };
		91E057111F9177BC008A5B25 /* CAWLUniversalCombFilter.cpp in Sources */ = {isa = PBXBuildFile; fileRef = 912E05171F8023BF00C13E55 /* CAWLUniversalCombFilter.cpp */; settings = {COMPILER_FLAGS = "-fno-objc-arc"; }; };
		91E057121F9177BC008A5B25 /* CAWLCombFilter.cpp in Sources */ = {isa = PBXBuildFile; fileRef = 912E05121F8023AE00C13E55 /* CAWLCombFilter.cpp */; settings = {COMPILER_FLAGS = "-fno-objc-arc"; }; };
		91E057131F9177BC008A5B25 /* CAWLDelayLine.cpp in Sources */ = {isa = PBXBuildFile; fileRef = 911097FC1F6F22F2002A9A92 /* CAWLDelayLine.cpp */; settings = {COMPILER_FLAGS = "-fno-objc-arc"; }; };
		91E057161F92BF8D008A5B25 /* CAWLAmpSimulator.cpp in Sources */ = {isa = PBXBuildFile; fileRef = 91E057151F92BF6E008A5B25 /* CAWLAmpSimulator.cpp */; settings = {COMPILER_FLAGS = "-fno-objc-arc"; }; };
		91E057171F9406C9008A5B25 /* CAWLAmpSimulator.cpp in Sources */ = {isa = PBXBuildFile; fileRef = 91E057151F92BF6E008A5B25 /* CAWLAmpSimulator.cpp */; };
		91E057181F940C09008A5B25 /* CAWLSoundBoard.cpp in Sources */ = {isa = PBXBuildFile; fileRef = 91E056E81F9069A4008A5B25 /* CAWLSoundBoard.cpp */; };
		91E9D26D1F9C1CF900491E6A /* CAWLWahWah.cpp in Sources */ = {isa = PBXBuildFile; fileRef = 91E9D26B1F9C1CF900491E6A /* CAWLWahWah.cpp */; };
		91E9D26E1F9C1CF900491E6A /* CAWLWahWah.cpp in Sources */ = {isa = PBXBuildFile; fileRef = 91E9D26B1F9C1CF900491E6A /* CAWLWahWah.cpp */; };
		91E9D2711F9C1F7100491E6A /* CAWLOverdrive.cpp in Sources */ = {isa = PBXBuildFile; fileRef = 91E9D26F1F9C1F7100491E6A /* CAWLOverdrive.cpp */; };
		91E9D2721F9C1F7100491E6A /* CAWLOverdrive.cpp in Sources */ = {isa = PBXBuildFile; fileRef = 91E9D26F1F9C1F7100491E6A /* CAWLOverdrive.cpp */; };
		91E9D2751F9C1F7D00491E6A /* CAWLFuzz.cpp in Sources */ = {isa = PBXBuildFile; fileRef = 91E9D2731F9C1F7D00491E6A /* CAWLFuzz.cpp */; };
		91E9D2761F9C1F7D00491E6A /* CAWLFuzz.cpp in Sources */ = {isa = PBXBuildFile; fileRef = 91E9D2731F9C1F7D00491E6A /* CAWLFuzz.cpp */; };
		91E9D2791F9D2CF900491E6A /* EffectUI.mm in Sources */ = {isa = PBXBuildFile; fileRef = 91E9D2781F9D2CF900491E6A /* EffectUI.mm */; };
		91E9D27C1F9D3F7E00491E6A /* OverdriveUI.mm in Sources */ = {isa = PBXBuildFile; fileRef = 91E9D27B1F9D3F7E00491E6A /* OverdriveUI.mm */; };
		91E9D27F1F9D3F9E00491E6A /* FuzzUI.mm in Sources */ = {isa = PBXBuildFile; fileRef = 91E9D27E1F9D3F9E00491E6A /* FuzzUI.mm */; };
		91E9D2821F9D3FB000491E6A /* CompressorUI.mm in Sources */ = {isa = PBXBuildFile; fileRef = 91E9D2811F9D3FB000491E6A /* CompressorUI.mm */; };
		91E9D2851F9D3FC400491E6A /* PhaserUI.mm in Sources */ = {isa = PBXBuildFile; fileRef = 91E9D2841F9D3FC400491E6A /* PhaserUI.mm */; };
		91E9D2881F9D3FD700491E6A /* FlangerUI.mm in Sources */ = {isa = PBXBuildFile; fileRef = 91E9D2871F9D3FD700491E6A /* FlangerUI.mm */; };
		91EDCE101F9ED2E00000D9BA /* CAWLSineWaveOsc.cpp in Sources */ = {isa = PBXBuildFile; fileRef = 91EDCE0E1F9ED2E00000D9BA /* CAWLSineWaveOsc.cpp */; };
		91EDCE111F9ED2E00000D9BA /* CAWLSineWaveOsc.cpp in Sources */ = {isa = PBXBuildFile; fileRef = 91EDCE0E1F9ED2E00000D9BA /* CAWLSineWaveOsc.cpp */; };
/* End PBXBuildFile section */

/* Begin PBXCopyFilesBuildPhase section */
		912977A51DE4F0E70093134D /* CopyFiles */ = {
			isa = PBXCopyFilesBuildPhase;
			buildActionMask = 2147483647;
			dstPath = /usr/share/man/man1/;
			dstSubfolderSpec = 0;
			files = (
			);
			runOnlyForDeploymentPostprocessing = 1;
		};
/* End PBXCopyFilesBuildPhase section */

/* Begin PBXFileReference section */
		91062DBA1DE396A700BCBDA0 /* AudioToolbox.framework */ = {isa = PBXFileReference; lastKnownFileType = wrapper.framework; name = AudioToolbox.framework; path = System/Library/Frameworks/AudioToolbox.framework; sourceTree = SDKROOT; };
		91062DD81DE397E900BCBDA0 /* CAAtomic.h */ = {isa = PBXFileReference; fileEncoding = 4; lastKnownFileType = sourcecode.c.h; path = CAAtomic.h; sourceTree = "<group>"; };
		91062DD91DE397E900BCBDA0 /* CAAutoDisposer.h */ = {isa = PBXFileReference; fileEncoding = 4; lastKnownFileType = sourcecode.c.h; path = CAAutoDisposer.h; sourceTree = "<group>"; };
		91062DDA1DE397E900BCBDA0 /* CABitOperations.h */ = {isa = PBXFileReference; fileEncoding = 4; lastKnownFileType = sourcecode.c.h; path = CABitOperations.h; sourceTree = "<group>"; };
		91062DDB1DE397E900BCBDA0 /* CARingBuffer.cpp */ = {isa = PBXFileReference; fileEncoding = 4; lastKnownFileType = sourcecode.cpp.cpp; path = CARingBuffer.cpp; sourceTree = "<group>"; };
		91062DDC1DE397E900BCBDA0 /* CARingBuffer.h */ = {isa = PBXFileReference; fileEncoding = 4; lastKnownFileType = sourcecode.c.h; path = CARingBuffer.h; sourceTree = "<group>"; };
		91062DE21DE3983100BCBDA0 /* CAWLRingBuffer.cpp */ = {isa = PBXFileReference; fileEncoding = 4; lastKnownFileType = sourcecode.cpp.cpp; path = CAWLRingBuffer.cpp; sourceTree = "<group>"; };
		91062DE31DE3983100BCBDA0 /* CAWLRingBuffer.hpp */ = {isa = PBXFileReference; fileEncoding = 4; lastKnownFileType = sourcecode.cpp.h; path = CAWLRingBuffer.hpp; sourceTree = "<group>"; };
		910FB4F91F941842000ED66C /* CAWLLowPassFilter.hpp */ = {isa = PBXFileReference; lastKnownFileType = sourcecode.cpp.h; path = CAWLLowPassFilter.hpp; sourceTree = "<group>"; };
		910FB4FA1F941842000ED66C /* CAWLLowPassFilter.cpp */ = {isa = PBXFileReference; lastKnownFileType = sourcecode.cpp.cpp; path = CAWLLowPassFilter.cpp; sourceTree = "<group>"; };
		910FB5091F9482AA000ED66C /* EqualizerUI.h */ = {isa = PBXFileReference; lastKnownFileType = sourcecode.c.h; path = EqualizerUI.h; sourceTree = "<group>"; };
		910FB50A1F9482AA000ED66C /* EqualizerUI.mm */ = {isa = PBXFileReference; lastKnownFileType = sourcecode.cpp.objcpp; path = EqualizerUI.mm; sourceTree = "<group>"; };
		910FB50C1F9489A1000ED66C /* ChorusUI.h */ = {isa = PBXFileReference; lastKnownFileType = sourcecode.c.h; path = ChorusUI.h; sourceTree = "<group>"; };
		910FB50D1F9489A1000ED66C /* ChorusUI.mm */ = {isa = PBXFileReference; lastKnownFileType = sourcecode.cpp.objcpp; path = ChorusUI.mm; sourceTree = "<group>"; };
		910FB50F1F9489B1000ED66C /* WahUI.h */ = {isa = PBXFileReference; lastKnownFileType = sourcecode.c.h; path = WahUI.h; sourceTree = "<group>"; };
		910FB5101F9489B1000ED66C /* WahUI.mm */ = {isa = PBXFileReference; lastKnownFileType = sourcecode.cpp.objcpp; path = WahUI.mm; sourceTree = "<group>"; };
		910FB5121F9489C1000ED66C /* ReverbUI.h */ = {isa = PBXFileReference; lastKnownFileType = sourcecode.c.h; path = ReverbUI.h; sourceTree = "<group>"; };
		910FB5131F9489C1000ED66C /* ReverbUI.mm */ = {isa = PBXFileReference; lastKnownFileType = sourcecode.cpp.objcpp; path = ReverbUI.mm; sourceTree = "<group>"; };
		910FB5151F948CB8000ED66C /* CAWLFlanger.cpp */ = {isa = PBXFileReference; lastKnownFileType = sourcecode.cpp.cpp; path = CAWLFlanger.cpp; sourceTree = "<group>"; };
		910FB5161F948CB8000ED66C /* CAWLFlanger.hpp */ = {isa = PBXFileReference; lastKnownFileType = sourcecode.cpp.h; path = CAWLFlanger.hpp; sourceTree = "<group>"; };
		910FB51B1F948CD0000ED66C /* CAWLPhaser.cpp */ = {isa = PBXFileReference; lastKnownFileType = sourcecode.cpp.cpp; path = CAWLPhaser.cpp; sourceTree = "<group>"; };
		910FB51C1F948CD0000ED66C /* CAWLPhaser.hpp */ = {isa = PBXFileReference; lastKnownFileType = sourcecode.cpp.h; path = CAWLPhaser.hpp; sourceTree = "<group>"; };
		910FB5211F948D7A000ED66C /* CAWLReverb.cpp */ = {isa = PBXFileReference; lastKnownFileType = sourcecode.cpp.cpp; path = CAWLReverb.cpp; sourceTree = "<group>"; };
		910FB5221F948D7A000ED66C /* CAWLReverb.hpp */ = {isa = PBXFileReference; lastKnownFileType = sourcecode.cpp.h; path = CAWLReverb.hpp; sourceTree = "<group>"; };
		910FB5271F948D9E000ED66C /* CAWLCompressor.cpp */ = {isa = PBXFileReference; lastKnownFileType = sourcecode.cpp.cpp; path = CAWLCompressor.cpp; sourceTree = "<group>"; };
		910FB5281F948D9E000ED66C /* CAWLCompressor.hpp */ = {isa = PBXFileReference; lastKnownFileType = sourcecode.cpp.h; path = CAWLCompressor.hpp; sourceTree = "<group>"; };
		911097F91F6F16B2002A9A92 /* CAWLSoundModule.hpp */ = {isa = PBXFileReference; fileEncoding = 4; lastKnownFileType = sourcecode.cpp.h; path = CAWLSoundModule.hpp; sourceTree = "<group>"; };
		911097FC1F6F22F2002A9A92 /* CAWLDelayLine.cpp */ = {isa = PBXFileReference; fileEncoding = 4; lastKnownFileType = sourcecode.cpp.cpp; path = CAWLDelayLine.cpp; sourceTree = "<group>"; };
		911097FD1F6F22F2002A9A92 /* CAWLDelayLine.hpp */ = {isa = PBXFileReference; fileEncoding = 4; lastKnownFileType = sourcecode.cpp.h; path = CAWLDelayLine.hpp; sourceTree = "<group>"; };
		911098001F6F2387002A9A92 /* CAWLFIRCombFilter.cpp */ = {isa = PBXFileReference; fileEncoding = 4; lastKnownFileType = sourcecode.cpp.cpp; path = CAWLFIRCombFilter.cpp; sourceTree = "<group>"; };
		911098011F6F2387002A9A92 /* CAWLFIRCombFilter.hpp */ = {isa = PBXFileReference; fileEncoding = 4; lastKnownFileType = sourcecode.cpp.h; path = CAWLFIRCombFilter.hpp; sourceTree = "<group>"; };
		911098041F6F2393002A9A92 /* CAWLIIRCombFilter.cpp */ = {isa = PBXFileReference; fileEncoding = 4; lastKnownFileType = sourcecode.cpp.cpp; path = CAWLIIRCombFilter.cpp; sourceTree = "<group>"; };
		911098051F6F2393002A9A92 /* CAWLIIRCombFilter.hpp */ = {isa = PBXFileReference; fileEncoding = 4; lastKnownFileType = sourcecode.cpp.h; path = CAWLIIRCombFilter.hpp; sourceTree = "<group>"; };
		912977A71DE4F0E70093134D /* cawlTester */ = {isa = PBXFileReference; explicitFileType = "compiled.mach-o.executable"; includeInIndex = 0; path = cawlTester; sourceTree = BUILT_PRODUCTS_DIR; };
		912977A91DE4F0E70093134D /* main.cpp */ = {isa = PBXFileReference; lastKnownFileType = sourcecode.cpp.cpp; path = main.cpp; sourceTree = "<group>"; };
		912CE43F1F6B3BB8009F41AA /* CAWLAudioUnit.cpp */ = {isa = PBXFileReference; fileEncoding = 4; lastKnownFileType = sourcecode.cpp.cpp; path = CAWLAudioUnit.cpp; sourceTree = "<group>"; };
		912CE4401F6B3BB8009F41AA /* CAWLAudioUnit.hpp */ = {isa = PBXFileReference; fileEncoding = 4; lastKnownFileType = sourcecode.cpp.h; path = CAWLAudioUnit.hpp; sourceTree = "<group>"; };
		912CE4431F6B3C1B009F41AA /* CAWLUtilities.cpp */ = {isa = PBXFileReference; fileEncoding = 4; lastKnownFileType = sourcecode.cpp.cpp; path = CAWLUtilities.cpp; sourceTree = "<group>"; };
		912CE4441F6B3C1B009F41AA /* CAWLUtilities.hpp */ = {isa = PBXFileReference; fileEncoding = 4; lastKnownFileType = sourcecode.cpp.h; path = CAWLUtilities.hpp; sourceTree = "<group>"; };
		912E05121F8023AE00C13E55 /* CAWLCombFilter.cpp */ = {isa = PBXFileReference; lastKnownFileType = sourcecode.cpp.cpp; path = CAWLCombFilter.cpp; sourceTree = "<group>"; };
		912E05131F8023AE00C13E55 /* CAWLCombFilter.hpp */ = {isa = PBXFileReference; lastKnownFileType = sourcecode.cpp.h; path = CAWLCombFilter.hpp; sourceTree = "<group>"; };
		912E05171F8023BF00C13E55 /* CAWLUniversalCombFilter.cpp */ = {isa = PBXFileReference; lastKnownFileType = sourcecode.cpp.cpp; path = CAWLUniversalCombFilter.cpp; sourceTree = "<group>"; };
		912E05181F8023BF00C13E55 /* CAWLUniversalCombFilter.hpp */ = {isa = PBXFileReference; lastKnownFileType = sourcecode.cpp.h; path = CAWLUniversalCombFilter.hpp; sourceTree = "<group>"; };
		915F833F1F5F174B00D4F422 /* AudioUnit.framework */ = {isa = PBXFileReference; lastKnownFileType = wrapper.framework; name = AudioUnit.framework; path = System/Library/Frameworks/AudioUnit.framework; sourceTree = SDKROOT; };
		916FF5B11FA52BCF00DEF09A /* CAWLModDelayEffect.cpp */ = {isa = PBXFileReference; lastKnownFileType = sourcecode.cpp.cpp; path = CAWLModDelayEffect.cpp; sourceTree = "<group>"; };
		916FF5B21FA52BCF00DEF09A /* CAWLModDelayEffect.hpp */ = {isa = PBXFileReference; lastKnownFileType = sourcecode.cpp.h; path = CAWLModDelayEffect.hpp; sourceTree = "<group>"; };
		9177E63C1F7CCE4500D36C46 /* CAWLHighPassFilter.hpp */ = {isa = PBXFileReference; lastKnownFileType = sourcecode.cpp.h; path = CAWLHighPassFilter.hpp; sourceTree = "<group>"; };
		9177E63D1F7CCE4600D36C46 /* CAWLHighPassFilter.cpp */ = {isa = PBXFileReference; lastKnownFileType = sourcecode.cpp.cpp; path = CAWLHighPassFilter.cpp; sourceTree = "<group>"; };
		9191B3AF1F85F62B004C6F33 /* CAWLBiQuadFilter.cpp */ = {isa = PBXFileReference; lastKnownFileType = sourcecode.cpp.cpp; path = CAWLBiQuadFilter.cpp; sourceTree = "<group>"; };
		9191B3B01F85F62B004C6F33 /* CAWLBiQuadFilter.hpp */ = {isa = PBXFileReference; lastKnownFileType = sourcecode.cpp.h; path = CAWLBiQuadFilter.hpp; sourceTree = "<group>"; };
		91BB1F1E1F9EF14F000804CE /* CAWLOscillator.hpp */ = {isa = PBXFileReference; lastKnownFileType = sourcecode.cpp.h; path = CAWLOscillator.hpp; sourceTree = "<group>"; };
		91BB1F211F9EF3DE000804CE /* CAWLTriangleWaveOsc.cpp */ = {isa = PBXFileReference; lastKnownFileType = sourcecode.cpp.cpp; path = CAWLTriangleWaveOsc.cpp; sourceTree = "<group>"; };
		91BB1F221F9EF3DE000804CE /* CAWLTriangleWaveOsc.hpp */ = {isa = PBXFileReference; lastKnownFileType = sourcecode.cpp.h; path = CAWLTriangleWaveOsc.hpp; sourceTree = "<group>"; };
		91BB1F251F9EF75F000804CE /* CAWLOscillator.cpp */ = {isa = PBXFileReference; lastKnownFileType = sourcecode.cpp.cpp; path = CAWLOscillator.cpp; sourceTree = "<group>"; };
		91BB1F281FA841A2000804CE /* DelayLine.cpp */ = {isa = PBXFileReference; fileEncoding = 4; lastKnownFileType = sourcecode.cpp.cpp; path = DelayLine.cpp; sourceTree = "<group>"; };
		91BB1F291FA841A2000804CE /* delayl.h */ = {isa = PBXFileReference; fileEncoding = 4; lastKnownFileType = sourcecode.c.h; path = delayl.h; sourceTree = "<group>"; };
		91CAEC7C1DC8584600CEF065 /* libCAWL.a */ = {isa = PBXFileReference; explicitFileType = archive.ar; includeInIndex = 0; path = libCAWL.a; sourceTree = BUILT_PRODUCTS_DIR; };
		91CAEC7F1DC8584600CEF065 /* CAWL.hpp */ = {isa = PBXFileReference; lastKnownFileType = sourcecode.cpp.h; path = CAWL.hpp; sourceTree = "<group>"; };
		91CAEC831DC8584600CEF065 /* CAWL.cpp */ = {isa = PBXFileReference; lastKnownFileType = sourcecode.cpp.cpp; path = CAWL.cpp; sourceTree = "<group>"; };
		91CAEC8E1DC8587900CEF065 /* cawlDemoMac.app */ = {isa = PBXFileReference; explicitFileType = wrapper.application; includeInIndex = 0; path = cawlDemoMac.app; sourceTree = BUILT_PRODUCTS_DIR; };
		91CAEC901DC8587900CEF065 /* AppDelegate.h */ = {isa = PBXFileReference; lastKnownFileType = sourcecode.c.h; path = AppDelegate.h; sourceTree = "<group>"; };
		91CAEC911DC8587900CEF065 /* AppDelegate.mm */ = {isa = PBXFileReference; lastKnownFileType = sourcecode.cpp.objcpp; path = AppDelegate.mm; sourceTree = "<group>"; };
		91CAEC941DC8587900CEF065 /* main.m */ = {isa = PBXFileReference; lastKnownFileType = sourcecode.c.objc; path = main.m; sourceTree = "<group>"; };
		91CAEC961DC8587900CEF065 /* ViewController.h */ = {isa = PBXFileReference; lastKnownFileType = sourcecode.c.h; path = ViewController.h; sourceTree = "<group>"; };
		91CAEC971DC8587900CEF065 /* ViewController.mm */ = {isa = PBXFileReference; lastKnownFileType = sourcecode.cpp.objcpp; path = ViewController.mm; sourceTree = "<group>"; };
		91CAEC991DC8587900CEF065 /* Assets.xcassets */ = {isa = PBXFileReference; lastKnownFileType = folder.assetcatalog; path = Assets.xcassets; sourceTree = "<group>"; };
		91CAEC9C1DC8587900CEF065 /* Base */ = {isa = PBXFileReference; lastKnownFileType = file.storyboard; name = Base; path = Base.lproj/Main.storyboard; sourceTree = "<group>"; };
		91CAEC9E1DC8587900CEF065 /* Info.plist */ = {isa = PBXFileReference; lastKnownFileType = text.plist.xml; path = Info.plist; sourceTree = "<group>"; };
		91CAECA31DC8597C00CEF065 /* CoreAudio.framework */ = {isa = PBXFileReference; lastKnownFileType = wrapper.framework; name = CoreAudio.framework; path = System/Library/Frameworks/CoreAudio.framework; sourceTree = SDKROOT; };
		91DC3E4F1F871DF600E3DB09 /* CAWLLowShelfFilter.cpp */ = {isa = PBXFileReference; lastKnownFileType = sourcecode.cpp.cpp; path = CAWLLowShelfFilter.cpp; sourceTree = "<group>"; };
		91DC3E501F871DF600E3DB09 /* CAWLLowShelfFilter.hpp */ = {isa = PBXFileReference; lastKnownFileType = sourcecode.cpp.h; path = CAWLLowShelfFilter.hpp; sourceTree = "<group>"; };
		91DC3E551F874D6C00E3DB09 /* CAWLHighShelfFilter.cpp */ = {isa = PBXFileReference; lastKnownFileType = sourcecode.cpp.cpp; path = CAWLHighShelfFilter.cpp; sourceTree = "<group>"; };
		91DC3E561F874D6C00E3DB09 /* CAWLHighShelfFilter.hpp */ = {isa = PBXFileReference; lastKnownFileType = sourcecode.cpp.h; path = CAWLHighShelfFilter.hpp; sourceTree = "<group>"; };
		91DC3E611F88991600E3DB09 /* CAWLPeakFilter.hpp */ = {isa = PBXFileReference; lastKnownFileType = sourcecode.cpp.h; path = CAWLPeakFilter.hpp; sourceTree = "<group>"; };
		91DC3E621F88991600E3DB09 /* CAWLPeakFilter.cpp */ = {isa = PBXFileReference; lastKnownFileType = sourcecode.cpp.cpp; path = CAWLPeakFilter.cpp; sourceTree = "<group>"; };
		91E056DE1F906749008A5B25 /* CAWLEqualizer.cpp */ = {isa = PBXFileReference; lastKnownFileType = sourcecode.cpp.cpp; path = CAWLEqualizer.cpp; sourceTree = "<group>"; };
		91E056DF1F906749008A5B25 /* CAWLEqualizer.hpp */ = {isa = PBXFileReference; lastKnownFileType = sourcecode.cpp.h; path = CAWLEqualizer.hpp; sourceTree = "<group>"; };
		91E056E51F9069A0008A5B25 /* CAWLValveTubeSimulator.hpp */ = {isa = PBXFileReference; lastKnownFileType = sourcecode.cpp.h; name = CAWLValveTubeSimulator.hpp; path = cawlDemoMac/CAWLValveTubeSimulator.hpp; sourceTree = SOURCE_ROOT; };
		91E056E61F9069A0008A5B25 /* CAWLValveTubeSimulator.cpp */ = {isa = PBXFileReference; lastKnownFileType = sourcecode.cpp.cpp; name = CAWLValveTubeSimulator.cpp; path = cawlDemoMac/CAWLValveTubeSimulator.cpp; sourceTree = SOURCE_ROOT; };
		91E056E71F9069A3008A5B25 /* CAWLSoundBoard.hpp */ = {isa = PBXFileReference; lastKnownFileType = sourcecode.cpp.h; name = CAWLSoundBoard.hpp; path = cawlDemoMac/CAWLSoundBoard.hpp; sourceTree = SOURCE_ROOT; };
		91E056E81F9069A4008A5B25 /* CAWLSoundBoard.cpp */ = {isa = PBXFileReference; lastKnownFileType = sourcecode.cpp.cpp; name = CAWLSoundBoard.cpp; path = cawlDemoMac/CAWLSoundBoard.cpp; sourceTree = SOURCE_ROOT; };
		91E056ED1F907334008A5B25 /* CAWLDelayEffect.cpp */ = {isa = PBXFileReference; lastKnownFileType = sourcecode.cpp.cpp; path = CAWLDelayEffect.cpp; sourceTree = "<group>"; };
		91E056EE1F907334008A5B25 /* CAWLDelayEffect.hpp */ = {isa = PBXFileReference; lastKnownFileType = sourcecode.cpp.h; path = CAWLDelayEffect.hpp; sourceTree = "<group>"; };
		91E056F21F907340008A5B25 /* CAWLChorus.cpp */ = {isa = PBXFileReference; lastKnownFileType = sourcecode.cpp.cpp; path = CAWLChorus.cpp; sourceTree = "<group>"; };
		91E056F31F907340008A5B25 /* CAWLChorus.hpp */ = {isa = PBXFileReference; lastKnownFileType = sourcecode.cpp.h; path = CAWLChorus.hpp; sourceTree = "<group>"; };
		91E056F71F909910008A5B25 /* SoundTab.h */ = {isa = PBXFileReference; lastKnownFileType = sourcecode.c.h; path = SoundTab.h; sourceTree = "<group>"; };
		91E056F81F909910008A5B25 /* SoundTab.mm */ = {isa = PBXFileReference; lastKnownFileType = sourcecode.cpp.objcpp; path = SoundTab.mm; sourceTree = "<group>"; };
		91E056FA1F9146B8008A5B25 /* TapTempoCounter.h */ = {isa = PBXFileReference; lastKnownFileType = sourcecode.c.h; path = TapTempoCounter.h; sourceTree = "<group>"; };
		91E056FB1F9146B8008A5B25 /* TapTempoCounter.mm */ = {isa = PBXFileReference; lastKnownFileType = sourcecode.cpp.objcpp; path = TapTempoCounter.mm; sourceTree = "<group>"; };
		91E056FD1F914A8E008A5B25 /* DelayUI.h */ = {isa = PBXFileReference; lastKnownFileType = sourcecode.c.h; path = DelayUI.h; sourceTree = "<group>"; };
		91E056FE1F914A8E008A5B25 /* DelayUI.mm */ = {isa = PBXFileReference; lastKnownFileType = sourcecode.cpp.objcpp; path = DelayUI.mm; sourceTree = "<group>"; };
		91E057001F914B9F008A5B25 /* AmpUI.h */ = {isa = PBXFileReference; lastKnownFileType = sourcecode.c.h; path = AmpUI.h; sourceTree = "<group>"; };
		91E057011F914B9F008A5B25 /* AmpUI.mm */ = {isa = PBXFileReference; lastKnownFileType = sourcecode.cpp.objcpp; path = AmpUI.mm; sourceTree = "<group>"; };
		91E057141F92BF6D008A5B25 /* CAWLAmpSimulator.hpp */ = {isa = PBXFileReference; lastKnownFileType = sourcecode.cpp.h; path = CAWLAmpSimulator.hpp; sourceTree = "<group>"; };
		91E057151F92BF6E008A5B25 /* CAWLAmpSimulator.cpp */ = {isa = PBXFileReference; lastKnownFileType = sourcecode.cpp.cpp; path = CAWLAmpSimulator.cpp; sourceTree = "<group>"; };
		91E9D26B1F9C1CF900491E6A /* CAWLWahWah.cpp */ = {isa = PBXFileReference; lastKnownFileType = sourcecode.cpp.cpp; path = CAWLWahWah.cpp; sourceTree = "<group>"; };
		91E9D26C1F9C1CF900491E6A /* CAWLWahWah.hpp */ = {isa = PBXFileReference; lastKnownFileType = sourcecode.cpp.h; path = CAWLWahWah.hpp; sourceTree = "<group>"; };
		91E9D26F1F9C1F7100491E6A /* CAWLOverdrive.cpp */ = {isa = PBXFileReference; lastKnownFileType = sourcecode.cpp.cpp; path = CAWLOverdrive.cpp; sourceTree = "<group>"; };
		91E9D2701F9C1F7100491E6A /* CAWLOverdrive.hpp */ = {isa = PBXFileReference; lastKnownFileType = sourcecode.cpp.h; path = CAWLOverdrive.hpp; sourceTree = "<group>"; };
		91E9D2731F9C1F7D00491E6A /* CAWLFuzz.cpp */ = {isa = PBXFileReference; lastKnownFileType = sourcecode.cpp.cpp; path = CAWLFuzz.cpp; sourceTree = "<group>"; };
		91E9D2741F9C1F7D00491E6A /* CAWLFuzz.hpp */ = {isa = PBXFileReference; lastKnownFileType = sourcecode.cpp.h; path = CAWLFuzz.hpp; sourceTree = "<group>"; };
		91E9D2771F9D2CF900491E6A /* EffectUI.h */ = {isa = PBXFileReference; lastKnownFileType = sourcecode.c.h; path = EffectUI.h; sourceTree = "<group>"; };
		91E9D2781F9D2CF900491E6A /* EffectUI.mm */ = {isa = PBXFileReference; lastKnownFileType = sourcecode.cpp.objcpp; path = EffectUI.mm; sourceTree = "<group>"; };
		91E9D27A1F9D3F7E00491E6A /* OverdriveUI.h */ = {isa = PBXFileReference; lastKnownFileType = sourcecode.c.h; path = OverdriveUI.h; sourceTree = "<group>"; };
		91E9D27B1F9D3F7E00491E6A /* OverdriveUI.mm */ = {isa = PBXFileReference; lastKnownFileType = sourcecode.cpp.objcpp; path = OverdriveUI.mm; sourceTree = "<group>"; };
		91E9D27D1F9D3F9E00491E6A /* FuzzUI.h */ = {isa = PBXFileReference; lastKnownFileType = sourcecode.c.h; path = FuzzUI.h; sourceTree = "<group>"; };
		91E9D27E1F9D3F9E00491E6A /* FuzzUI.mm */ = {isa = PBXFileReference; lastKnownFileType = sourcecode.cpp.objcpp; path = FuzzUI.mm; sourceTree = "<group>"; };
		91E9D2801F9D3FB000491E6A /* CompressorUI.h */ = {isa = PBXFileReference; lastKnownFileType = sourcecode.c.h; path = CompressorUI.h; sourceTree = "<group>"; };
		91E9D2811F9D3FB000491E6A /* CompressorUI.mm */ = {isa = PBXFileReference; lastKnownFileType = sourcecode.cpp.objcpp; path = CompressorUI.mm; sourceTree = "<group>"; };
		91E9D2831F9D3FC400491E6A /* PhaserUI.h */ = {isa = PBXFileReference; lastKnownFileType = sourcecode.c.h; path = PhaserUI.h; sourceTree = "<group>"; };
		91E9D2841F9D3FC400491E6A /* PhaserUI.mm */ = {isa = PBXFileReference; lastKnownFileType = sourcecode.cpp.objcpp; path = PhaserUI.mm; sourceTree = "<group>"; };
		91E9D2861F9D3FD700491E6A /* FlangerUI.h */ = {isa = PBXFileReference; lastKnownFileType = sourcecode.c.h; path = FlangerUI.h; sourceTree = "<group>"; };
		91E9D2871F9D3FD700491E6A /* FlangerUI.mm */ = {isa = PBXFileReference; lastKnownFileType = sourcecode.cpp.objcpp; path = FlangerUI.mm; sourceTree = "<group>"; };
		91EDCE0E1F9ED2E00000D9BA /* CAWLSineWaveOsc.cpp */ = {isa = PBXFileReference; lastKnownFileType = sourcecode.cpp.cpp; path = CAWLSineWaveOsc.cpp; sourceTree = "<group>"; };
		91EDCE0F1F9ED2E00000D9BA /* CAWLSineWaveOsc.hpp */ = {isa = PBXFileReference; lastKnownFileType = sourcecode.cpp.h; path = CAWLSineWaveOsc.hpp; sourceTree = "<group>"; };
/* End PBXFileReference section */

/* Begin PBXFrameworksBuildPhase section */
		912977A41DE4F0E70093134D /* Frameworks */ = {
			isa = PBXFrameworksBuildPhase;
			buildActionMask = 2147483647;
			files = (
				912977BA1DE4F8850093134D /* AudioToolbox.framework in Frameworks */,
				912977BB1DE4F8850093134D /* CoreAudio.framework in Frameworks */,
			);
			runOnlyForDeploymentPostprocessing = 0;
		};
		91CAEC791DC8584600CEF065 /* Frameworks */ = {
			isa = PBXFrameworksBuildPhase;
			buildActionMask = 2147483647;
			files = (
				915F83401F5F174B00D4F422 /* AudioUnit.framework in Frameworks */,
				915F833E1F5F174B00D4F422 /* AudioToolbox.framework in Frameworks */,
				91CAECA41DC8597C00CEF065 /* CoreAudio.framework in Frameworks */,
			);
			runOnlyForDeploymentPostprocessing = 0;
		};
		91CAEC8B1DC8587900CEF065 /* Frameworks */ = {
			isa = PBXFrameworksBuildPhase;
			buildActionMask = 2147483647;
			files = (
				91062DBB1DE396A700BCBDA0 /* AudioToolbox.framework in Frameworks */,
				91CAECA51DC8598500CEF065 /* CoreAudio.framework in Frameworks */,
			);
			runOnlyForDeploymentPostprocessing = 0;
		};
/* End PBXFrameworksBuildPhase section */

/* Begin PBXGroup section */
		91062DD71DE397C900BCBDA0 /* RingBuffer */ = {
			isa = PBXGroup;
			children = (
				91062DD81DE397E900BCBDA0 /* CAAtomic.h */,
				91062DD91DE397E900BCBDA0 /* CAAutoDisposer.h */,
				91062DDA1DE397E900BCBDA0 /* CABitOperations.h */,
				91062DDB1DE397E900BCBDA0 /* CARingBuffer.cpp */,
				91062DDC1DE397E900BCBDA0 /* CARingBuffer.h */,
				91062DE21DE3983100BCBDA0 /* CAWLRingBuffer.cpp */,
				91062DE31DE3983100BCBDA0 /* CAWLRingBuffer.hpp */,
			);
			name = RingBuffer;
			sourceTree = "<group>";
		};
		912977A81DE4F0E70093134D /* cawlTester */ = {
			isa = PBXGroup;
			children = (
				912977A91DE4F0E70093134D /* main.cpp */,
			);
			path = cawlTester;
			sourceTree = "<group>";
		};
		912977BE1DE510340093134D /* SoundModules */ = {
			isa = PBXGroup;
			children = (
				9191B3AF1F85F62B004C6F33 /* CAWLBiQuadFilter.cpp */,
				9191B3B01F85F62B004C6F33 /* CAWLBiQuadFilter.hpp */,
				91DC3E4F1F871DF600E3DB09 /* CAWLLowShelfFilter.cpp */,
				91DC3E501F871DF600E3DB09 /* CAWLLowShelfFilter.hpp */,
				91DC3E551F874D6C00E3DB09 /* CAWLHighShelfFilter.cpp */,
				91DC3E561F874D6C00E3DB09 /* CAWLHighShelfFilter.hpp */,
				91DC3E621F88991600E3DB09 /* CAWLPeakFilter.cpp */,
				91DC3E611F88991600E3DB09 /* CAWLPeakFilter.hpp */,
				9177E63D1F7CCE4600D36C46 /* CAWLHighPassFilter.cpp */,
				9177E63C1F7CCE4500D36C46 /* CAWLHighPassFilter.hpp */,
				910FB4FA1F941842000ED66C /* CAWLLowPassFilter.cpp */,
				910FB4F91F941842000ED66C /* CAWLLowPassFilter.hpp */,
				911098001F6F2387002A9A92 /* CAWLFIRCombFilter.cpp */,
				911098011F6F2387002A9A92 /* CAWLFIRCombFilter.hpp */,
				911098041F6F2393002A9A92 /* CAWLIIRCombFilter.cpp */,
				911098051F6F2393002A9A92 /* CAWLIIRCombFilter.hpp */,
				912E05171F8023BF00C13E55 /* CAWLUniversalCombFilter.cpp */,
				912E05181F8023BF00C13E55 /* CAWLUniversalCombFilter.hpp */,
				912E05121F8023AE00C13E55 /* CAWLCombFilter.cpp */,
				912E05131F8023AE00C13E55 /* CAWLCombFilter.hpp */,
				911097FC1F6F22F2002A9A92 /* CAWLDelayLine.cpp */,
				911097FD1F6F22F2002A9A92 /* CAWLDelayLine.hpp */,
				91BB1F291FA841A2000804CE /* delayl.h */,
				91BB1F281FA841A2000804CE /* DelayLine.cpp */,
				91BB1F211F9EF3DE000804CE /* CAWLTriangleWaveOsc.cpp */,
				91BB1F221F9EF3DE000804CE /* CAWLTriangleWaveOsc.hpp */,
				91EDCE0E1F9ED2E00000D9BA /* CAWLSineWaveOsc.cpp */,
				91EDCE0F1F9ED2E00000D9BA /* CAWLSineWaveOsc.hpp */,
				91BB1F251F9EF75F000804CE /* CAWLOscillator.cpp */,
				91BB1F1E1F9EF14F000804CE /* CAWLOscillator.hpp */,
				911097F91F6F16B2002A9A92 /* CAWLSoundModule.hpp */,
			);
			name = SoundModules;
			sourceTree = "<group>";
		};
		91CAEC731DC8584600CEF065 = {
			isa = PBXGroup;
			children = (
				91CAEC7E1DC8584600CEF065 /* CAWL */,
				91CAEC8F1DC8587900CEF065 /* cawlDemoMac */,
				912977A81DE4F0E70093134D /* cawlTester */,
				91CAEC7D1DC8584600CEF065 /* Products */,
				91CAECA21DC8597C00CEF065 /* Frameworks */,
			);
			sourceTree = "<group>";
		};
		91CAEC7D1DC8584600CEF065 /* Products */ = {
			isa = PBXGroup;
			children = (
				91CAEC7C1DC8584600CEF065 /* libCAWL.a */,
				91CAEC8E1DC8587900CEF065 /* cawlDemoMac.app */,
				912977A71DE4F0E70093134D /* cawlTester */,
			);
			name = Products;
			sourceTree = "<group>";
		};
		91CAEC7E1DC8584600CEF065 /* CAWL */ = {
			isa = PBXGroup;
			children = (
				91E056DD1F906724008A5B25 /* PedalBoard */,
				912977BE1DE510340093134D /* SoundModules */,
				91062DD71DE397C900BCBDA0 /* RingBuffer */,
				91CAEC7F1DC8584600CEF065 /* CAWL.hpp */,
				91CAEC831DC8584600CEF065 /* CAWL.cpp */,
				912CE4401F6B3BB8009F41AA /* CAWLAudioUnit.hpp */,
				912CE43F1F6B3BB8009F41AA /* CAWLAudioUnit.cpp */,
				912CE4441F6B3C1B009F41AA /* CAWLUtilities.hpp */,
				912CE4431F6B3C1B009F41AA /* CAWLUtilities.cpp */,
			);
			path = CAWL;
			sourceTree = "<group>";
		};
		91CAEC8F1DC8587900CEF065 /* cawlDemoMac */ = {
			isa = PBXGroup;
			children = (
				91E9D2891F9D429900491E6A /* EffectUI */,
				91CAEC901DC8587900CEF065 /* AppDelegate.h */,
				91CAEC911DC8587900CEF065 /* AppDelegate.mm */,
				91CAEC961DC8587900CEF065 /* ViewController.h */,
				91CAEC971DC8587900CEF065 /* ViewController.mm */,
				91E056F71F909910008A5B25 /* SoundTab.h */,
				91E056F81F909910008A5B25 /* SoundTab.mm */,
				91E056FA1F9146B8008A5B25 /* TapTempoCounter.h */,
				91E056FB1F9146B8008A5B25 /* TapTempoCounter.mm */,
				91CAEC991DC8587900CEF065 /* Assets.xcassets */,
				91CAEC9B1DC8587900CEF065 /* Main.storyboard */,
				91CAEC9E1DC8587900CEF065 /* Info.plist */,
				91CAEC931DC8587900CEF065 /* Supporting Files */,
			);
			path = cawlDemoMac;
			sourceTree = "<group>";
		};
		91CAEC931DC8587900CEF065 /* Supporting Files */ = {
			isa = PBXGroup;
			children = (
				91CAEC941DC8587900CEF065 /* main.m */,
			);
			name = "Supporting Files";
			sourceTree = "<group>";
		};
		91CAECA21DC8597C00CEF065 /* Frameworks */ = {
			isa = PBXGroup;
			children = (
				915F833F1F5F174B00D4F422 /* AudioUnit.framework */,
				91062DBA1DE396A700BCBDA0 /* AudioToolbox.framework */,
				91CAECA31DC8597C00CEF065 /* CoreAudio.framework */,
			);
			name = Frameworks;
			sourceTree = "<group>";
		};
		91E056DD1F906724008A5B25 /* PedalBoard */ = {
			isa = PBXGroup;
			children = (
				91E056E81F9069A4008A5B25 /* CAWLSoundBoard.cpp */,
				91E056E71F9069A3008A5B25 /* CAWLSoundBoard.hpp */,
				91E056DE1F906749008A5B25 /* CAWLEqualizer.cpp */,
				91E056DF1F906749008A5B25 /* CAWLEqualizer.hpp */,
				91E056ED1F907334008A5B25 /* CAWLDelayEffect.cpp */,
				91E056EE1F907334008A5B25 /* CAWLDelayEffect.hpp */,
				910FB51B1F948CD0000ED66C /* CAWLPhaser.cpp */,
				910FB51C1F948CD0000ED66C /* CAWLPhaser.hpp */,
				91E056F21F907340008A5B25 /* CAWLChorus.cpp */,
				91E056F31F907340008A5B25 /* CAWLChorus.hpp */,
				910FB5151F948CB8000ED66C /* CAWLFlanger.cpp */,
				910FB5161F948CB8000ED66C /* CAWLFlanger.hpp */,
				916FF5B11FA52BCF00DEF09A /* CAWLModDelayEffect.cpp */,
				916FF5B21FA52BCF00DEF09A /* CAWLModDelayEffect.hpp */,
				91E9D26B1F9C1CF900491E6A /* CAWLWahWah.cpp */,
				91E9D26C1F9C1CF900491E6A /* CAWLWahWah.hpp */,
				910FB5211F948D7A000ED66C /* CAWLReverb.cpp */,
				910FB5221F948D7A000ED66C /* CAWLReverb.hpp */,
				910FB5271F948D9E000ED66C /* CAWLCompressor.cpp */,
				910FB5281F948D9E000ED66C /* CAWLCompressor.hpp */,
				91E9D26F1F9C1F7100491E6A /* CAWLOverdrive.cpp */,
				91E9D2701F9C1F7100491E6A /* CAWLOverdrive.hpp */,
				91E9D2731F9C1F7D00491E6A /* CAWLFuzz.cpp */,
				91E9D2741F9C1F7D00491E6A /* CAWLFuzz.hpp */,
				91E057151F92BF6E008A5B25 /* CAWLAmpSimulator.cpp */,
				91E057141F92BF6D008A5B25 /* CAWLAmpSimulator.hpp */,
				91E056E61F9069A0008A5B25 /* CAWLValveTubeSimulator.cpp */,
				91E056E51F9069A0008A5B25 /* CAWLValveTubeSimulator.hpp */,
			);
			name = PedalBoard;
			sourceTree = "<group>";
		};
		91E9D2891F9D429900491E6A /* EffectUI */ = {
			isa = PBXGroup;
			children = (
				91E057001F914B9F008A5B25 /* AmpUI.h */,
				91E057011F914B9F008A5B25 /* AmpUI.mm */,
				91E056FD1F914A8E008A5B25 /* DelayUI.h */,
				91E056FE1F914A8E008A5B25 /* DelayUI.mm */,
				910FB5091F9482AA000ED66C /* EqualizerUI.h */,
				910FB50A1F9482AA000ED66C /* EqualizerUI.mm */,
				910FB50C1F9489A1000ED66C /* ChorusUI.h */,
				910FB50D1F9489A1000ED66C /* ChorusUI.mm */,
				910FB50F1F9489B1000ED66C /* WahUI.h */,
				910FB5101F9489B1000ED66C /* WahUI.mm */,
				910FB5121F9489C1000ED66C /* ReverbUI.h */,
				910FB5131F9489C1000ED66C /* ReverbUI.mm */,
				91E9D27A1F9D3F7E00491E6A /* OverdriveUI.h */,
				91E9D27B1F9D3F7E00491E6A /* OverdriveUI.mm */,
				91E9D27D1F9D3F9E00491E6A /* FuzzUI.h */,
				91E9D27E1F9D3F9E00491E6A /* FuzzUI.mm */,
				91E9D2801F9D3FB000491E6A /* CompressorUI.h */,
				91E9D2811F9D3FB000491E6A /* CompressorUI.mm */,
				91E9D2831F9D3FC400491E6A /* PhaserUI.h */,
				91E9D2841F9D3FC400491E6A /* PhaserUI.mm */,
				91E9D2861F9D3FD700491E6A /* FlangerUI.h */,
				91E9D2871F9D3FD700491E6A /* FlangerUI.mm */,
				91E9D2771F9D2CF900491E6A /* EffectUI.h */,
				91E9D2781F9D2CF900491E6A /* EffectUI.mm */,
			);
			path = EffectUI;
			sourceTree = "<group>";
		};
/* End PBXGroup section */

/* Begin PBXHeadersBuildPhase section */
		91CAEC7A1DC8584600CEF065 /* Headers */ = {
			isa = PBXHeadersBuildPhase;
			buildActionMask = 2147483647;
			files = (
				91062DDE1DE397E900BCBDA0 /* CAAutoDisposer.h in Headers */,
				912CE4421F6B3BB8009F41AA /* CAWLAudioUnit.hpp in Headers */,
				912CE4461F6B3C1B009F41AA /* CAWLUtilities.hpp in Headers */,
				91062DDD1DE397E900BCBDA0 /* CAAtomic.h in Headers */,
				91062DE11DE397E900BCBDA0 /* CARingBuffer.h in Headers */,
				91062DE51DE3983100BCBDA0 /* CAWLRingBuffer.hpp in Headers */,
				91062DDF1DE397E900BCBDA0 /* CABitOperations.h in Headers */,
				91CAEC801DC8584600CEF065 /* CAWL.hpp in Headers */,
			);
			runOnlyForDeploymentPostprocessing = 0;
		};
/* End PBXHeadersBuildPhase section */

/* Begin PBXNativeTarget section */
		912977A61DE4F0E70093134D /* cawlTester */ = {
			isa = PBXNativeTarget;
			buildConfigurationList = 912977AD1DE4F0E70093134D /* Build configuration list for PBXNativeTarget "cawlTester" */;
			buildPhases = (
				912977A31DE4F0E70093134D /* Sources */,
				912977A41DE4F0E70093134D /* Frameworks */,
				912977A51DE4F0E70093134D /* CopyFiles */,
			);
			buildRules = (
			);
			dependencies = (
			);
			name = cawlTester;
			productName = cawlTester;
			productReference = 912977A71DE4F0E70093134D /* cawlTester */;
			productType = "com.apple.product-type.tool";
		};
		91CAEC7B1DC8584600CEF065 /* CAWL */ = {
			isa = PBXNativeTarget;
			buildConfigurationList = 91CAEC871DC8584600CEF065 /* Build configuration list for PBXNativeTarget "CAWL" */;
			buildPhases = (
				91CAEC781DC8584600CEF065 /* Sources */,
				91CAEC791DC8584600CEF065 /* Frameworks */,
				91CAEC7A1DC8584600CEF065 /* Headers */,
			);
			buildRules = (
			);
			dependencies = (
			);
			name = CAWL;
			productName = CAWL;
			productReference = 91CAEC7C1DC8584600CEF065 /* libCAWL.a */;
			productType = "com.apple.product-type.library.static";
		};
		91CAEC8D1DC8587900CEF065 /* cawlDemoMac */ = {
			isa = PBXNativeTarget;
			buildConfigurationList = 91CAEC9F1DC8587900CEF065 /* Build configuration list for PBXNativeTarget "cawlDemoMac" */;
			buildPhases = (
				91CAEC8A1DC8587900CEF065 /* Sources */,
				91CAEC8B1DC8587900CEF065 /* Frameworks */,
				91CAEC8C1DC8587900CEF065 /* Resources */,
			);
			buildRules = (
			);
			dependencies = (
			);
			name = cawlDemoMac;
			productName = cawlDemoMac;
			productReference = 91CAEC8E1DC8587900CEF065 /* cawlDemoMac.app */;
			productType = "com.apple.product-type.application";
		};
/* End PBXNativeTarget section */

/* Begin PBXProject section */
		91CAEC741DC8584600CEF065 /* Project object */ = {
			isa = PBXProject;
			attributes = {
				LastUpgradeCheck = 0900;
				ORGANIZATIONNAME = "Moses Lee";
				TargetAttributes = {
					912977A61DE4F0E70093134D = {
						CreatedOnToolsVersion = 8.1;
						ProvisioningStyle = Automatic;
					};
					91CAEC7B1DC8584600CEF065 = {
						CreatedOnToolsVersion = 8.1;
						ProvisioningStyle = Automatic;
					};
					91CAEC8D1DC8587900CEF065 = {
						CreatedOnToolsVersion = 8.1;
						ProvisioningStyle = Automatic;
					};
				};
			};
			buildConfigurationList = 91CAEC771DC8584600CEF065 /* Build configuration list for PBXProject "CAWL" */;
			compatibilityVersion = "Xcode 3.2";
			developmentRegion = English;
			hasScannedForEncodings = 0;
			knownRegions = (
				en,
				Base,
			);
			mainGroup = 91CAEC731DC8584600CEF065;
			productRefGroup = 91CAEC7D1DC8584600CEF065 /* Products */;
			projectDirPath = "";
			projectRoot = "";
			targets = (
				91CAEC7B1DC8584600CEF065 /* CAWL */,
				91CAEC8D1DC8587900CEF065 /* cawlDemoMac */,
				912977A61DE4F0E70093134D /* cawlTester */,
			);
		};
/* End PBXProject section */

/* Begin PBXResourcesBuildPhase section */
		91CAEC8C1DC8587900CEF065 /* Resources */ = {
			isa = PBXResourcesBuildPhase;
			buildActionMask = 2147483647;
			files = (
				91CAEC9A1DC8587900CEF065 /* Assets.xcassets in Resources */,
				91CAEC9D1DC8587900CEF065 /* Main.storyboard in Resources */,
			);
			runOnlyForDeploymentPostprocessing = 0;
		};
/* End PBXResourcesBuildPhase section */

/* Begin PBXSourcesBuildPhase section */
		912977A31DE4F0E70093134D /* Sources */ = {
			isa = PBXSourcesBuildPhase;
			buildActionMask = 2147483647;
			files = (
				91E056F01F907334008A5B25 /* CAWLDelayEffect.cpp in Sources */,
				91E056EC1F907044008A5B25 /* CAWLValveTubeSimulator.cpp in Sources */,
				912977AA1DE4F0E70093134D /* main.cpp in Sources */,
				910FB52C1F948DA8000ED66C /* CAWLCompressor.cpp in Sources */,
				910A953D1F6B760A009DA4A1 /* CAWLUtilities.cpp in Sources */,
				9177E63E1F7CCEFA00D36C46 /* CAWLHighPassFilter.cpp in Sources */,
				91BB1F271F9EF75F000804CE /* CAWLOscillator.cpp in Sources */,
				912E051A1F8023BF00C13E55 /* CAWLUniversalCombFilter.cpp in Sources */,
				91E9D2761F9C1F7D00491E6A /* CAWLFuzz.cpp in Sources */,
				910FB51A1F948CC4000ED66C /* CAWLFlanger.cpp in Sources */,
				91E057171F9406C9008A5B25 /* CAWLAmpSimulator.cpp in Sources */,
				910FB5251F948D7D000ED66C /* CAWLReverb.cpp in Sources */,
				9191B3A11F804543004C6F33 /* CAWLIIRCombFilter.cpp in Sources */,
				91DC3E581F874D6C00E3DB09 /* CAWLHighShelfFilter.cpp in Sources */,
				916FF5B41FA52BCF00DEF09A /* CAWLModDelayEffect.cpp in Sources */,
				912E05151F8023AE00C13E55 /* CAWLCombFilter.cpp in Sources */,
				912E051C1F80254800C13E55 /* CAWLFIRCombFilter.cpp in Sources */,
				910FB5201F948CD5000ED66C /* CAWLPhaser.cpp in Sources */,
				91E057181F940C09008A5B25 /* CAWLSoundBoard.cpp in Sources */,
				910FB4FB1F94186A000ED66C /* CAWLLowPassFilter.cpp in Sources */,
				91DC3E511F871F5B00E3DB09 /* CAWLLowShelfFilter.cpp in Sources */,
				91E056F51F907340008A5B25 /* CAWLChorus.cpp in Sources */,
				91E056E11F906749008A5B25 /* CAWLEqualizer.cpp in Sources */,
				91EDCE111F9ED2E00000D9BA /* CAWLSineWaveOsc.cpp in Sources */,
				912977AE1DE4F8600093134D /* CARingBuffer.cpp in Sources */,
				9191B3B21F85F62B004C6F33 /* CAWLBiQuadFilter.cpp in Sources */,
				91E9D26E1F9C1CF900491E6A /* CAWLWahWah.cpp in Sources */,
				912977AF1DE4F8600093134D /* CAWLRingBuffer.cpp in Sources */,
				912977B11DE4F8600093134D /* CAWL.cpp in Sources */,
				91BB1F2B1FA841A3000804CE /* DelayLine.cpp in Sources */,
				91E9D2721F9C1F7100491E6A /* CAWLOverdrive.cpp in Sources */,
				91DC3E641F88995900E3DB09 /* CAWLPeakFilter.cpp in Sources */,
				91BB1F241F9EF3DE000804CE /* CAWLTriangleWaveOsc.cpp in Sources */,
				912E05111F8019F800C13E55 /* CAWLDelayLine.cpp in Sources */,
				917A9AD91F6C366000422478 /* CAWLAudioUnit.cpp in Sources */,
			);
			runOnlyForDeploymentPostprocessing = 0;
		};
		91CAEC781DC8584600CEF065 /* Sources */ = {
			isa = PBXSourcesBuildPhase;
			buildActionMask = 2147483647;
			files = (
				91062DE41DE3983100BCBDA0 /* CAWLRingBuffer.cpp in Sources */,
				912CE4451F6B3C1B009F41AA /* CAWLUtilities.cpp in Sources */,
				91062DE01DE397E900BCBDA0 /* CARingBuffer.cpp in Sources */,
				91CAEC841DC8584600CEF065 /* CAWL.cpp in Sources */,
				912CE4411F6B3BB8009F41AA /* CAWLAudioUnit.cpp in Sources */,
			);
			runOnlyForDeploymentPostprocessing = 0;
		};
		91CAEC8A1DC8587900CEF065 /* Sources */ = {
			isa = PBXSourcesBuildPhase;
			buildActionMask = 2147483647;
			files = (
				910FB5111F9489B1000ED66C /* WahUI.mm in Sources */,
				910FB4FC1F94186B000ED66C /* CAWLLowPassFilter.cpp in Sources */,
				910FB51F1F948CD4000ED66C /* CAWLPhaser.cpp in Sources */,
				91E0570B1F9177BC008A5B25 /* CAWLHighShelfFilter.cpp in Sources */,
				91E0570A1F9177BC008A5B25 /* CAWLLowShelfFilter.cpp in Sources */,
				91E057101F9177BC008A5B25 /* CAWLIIRCombFilter.cpp in Sources */,
				91E057031F9168A5008A5B25 /* CAWLSoundBoard.cpp in Sources */,
				91E0570D1F9177BC008A5B25 /* CAWLHighPassFilter.cpp in Sources */,
				910FB5141F9489C1000ED66C /* ReverbUI.mm in Sources */,
				91CAEC981DC8587900CEF065 /* ViewController.mm in Sources */,
				91E9D2851F9D3FC400491E6A /* PhaserUI.mm in Sources */,
				91E9D27C1F9D3F7E00491E6A /* OverdriveUI.mm in Sources */,
				911097F71F6DFA85002A9A92 /* CAWLUtilities.cpp in Sources */,
				91E9D2711F9C1F7100491E6A /* CAWLOverdrive.cpp in Sources */,
				916FF5B31FA52BCF00DEF09A /* CAWLModDelayEffect.cpp in Sources */,
				91CAEC951DC8587900CEF065 /* main.m in Sources */,
				91E057161F92BF8D008A5B25 /* CAWLAmpSimulator.cpp in Sources */,
				91E057071F9177A3008A5B25 /* CAWLChorus.cpp in Sources */,
				911097F61F6DFA82002A9A92 /* CAWLAudioUnit.cpp in Sources */,
				91E9D27F1F9D3F9E00491E6A /* FuzzUI.mm in Sources */,
				91BB1F261F9EF75F000804CE /* CAWLOscillator.cpp in Sources */,
				91E0570C1F9177BC008A5B25 /* CAWLPeakFilter.cpp in Sources */,
				912977B71DE4F8610093134D /* CAWLRingBuffer.cpp in Sources */,
				91E057081F9177A6008A5B25 /* CAWLValveTubeSimulator.cpp in Sources */,
				91E057061F9177A1008A5B25 /* CAWLDelayEffect.cpp in Sources */,
				91BB1F2A1FA841A3000804CE /* DelayLine.cpp in Sources */,
				91E0570F1F9177BC008A5B25 /* CAWLFIRCombFilter.cpp in Sources */,
				91E057051F91779E008A5B25 /* CAWLEqualizer.cpp in Sources */,
				91E9D2821F9D3FB000491E6A /* CompressorUI.mm in Sources */,
				91CAEC921DC8587900CEF065 /* AppDelegate.mm in Sources */,
				91E057021F914B9F008A5B25 /* AmpUI.mm in Sources */,
				912977B61DE4F8610093134D /* CARingBuffer.cpp in Sources */,
				91E9D26D1F9C1CF900491E6A /* CAWLWahWah.cpp in Sources */,
				910FB50E1F9489A1000ED66C /* ChorusUI.mm in Sources */,
				91E9D2751F9C1F7D00491E6A /* CAWLFuzz.cpp in Sources */,
				91E057121F9177BC008A5B25 /* CAWLCombFilter.cpp in Sources */,
				912977B91DE4F8610093134D /* CAWL.cpp in Sources */,
				91EDCE101F9ED2E00000D9BA /* CAWLSineWaveOsc.cpp in Sources */,
				91E9D2791F9D2CF900491E6A /* EffectUI.mm in Sources */,
				91E056FC1F9146B8008A5B25 /* TapTempoCounter.mm in Sources */,
				910FB50B1F9482AA000ED66C /* EqualizerUI.mm in Sources */,
				910FB52B1F948DA7000ED66C /* CAWLCompressor.cpp in Sources */,
				910FB5191F948CC4000ED66C /* CAWLFlanger.cpp in Sources */,
				91E057091F9177BC008A5B25 /* CAWLBiQuadFilter.cpp in Sources */,
				91E056F91F909910008A5B25 /* SoundTab.mm in Sources */,
				910FB5261F948D7F000ED66C /* CAWLReverb.cpp in Sources */,
				91E057111F9177BC008A5B25 /* CAWLUniversalCombFilter.cpp in Sources */,
				91E9D2881F9D3FD700491E6A /* FlangerUI.mm in Sources */,
				91BB1F231F9EF3DE000804CE /* CAWLTriangleWaveOsc.cpp in Sources */,
				91E057131F9177BC008A5B25 /* CAWLDelayLine.cpp in Sources */,
				91E056FF1F914A8E008A5B25 /* DelayUI.mm in Sources */,
			);
			runOnlyForDeploymentPostprocessing = 0;
		};
/* End PBXSourcesBuildPhase section */

/* Begin PBXVariantGroup section */
		91CAEC9B1DC8587900CEF065 /* Main.storyboard */ = {
			isa = PBXVariantGroup;
			children = (
				91CAEC9C1DC8587900CEF065 /* Base */,
			);
			name = Main.storyboard;
			sourceTree = "<group>";
		};
/* End PBXVariantGroup section */

/* Begin XCBuildConfiguration section */
		912977AB1DE4F0E70093134D /* Debug */ = {
			isa = XCBuildConfiguration;
			buildSettings = {
				CLANG_CXX_LIBRARY = "libc++";
				CLANG_ENABLE_OBJC_ARC = NO;
				PRODUCT_NAME = "$(TARGET_NAME)";
			};
			name = Debug;
		};
		912977AC1DE4F0E70093134D /* Release */ = {
			isa = XCBuildConfiguration;
			buildSettings = {
				CLANG_CXX_LIBRARY = "libc++";
				CLANG_ENABLE_OBJC_ARC = NO;
				PRODUCT_NAME = "$(TARGET_NAME)";
			};
			name = Release;
		};
		91CAEC851DC8584600CEF065 /* Debug */ = {
			isa = XCBuildConfiguration;
			buildSettings = {
				ALWAYS_SEARCH_USER_PATHS = NO;
				CLANG_ANALYZER_NONNULL = YES;
				CLANG_CXX_LANGUAGE_STANDARD = "gnu++0x";
				CLANG_CXX_LIBRARY = "libc++";
				CLANG_ENABLE_MODULES = YES;
				CLANG_ENABLE_OBJC_ARC = YES;
				CLANG_WARN_BLOCK_CAPTURE_AUTORELEASING = YES;
				CLANG_WARN_BOOL_CONVERSION = YES;
				CLANG_WARN_COMMA = YES;
				CLANG_WARN_CONSTANT_CONVERSION = YES;
				CLANG_WARN_DIRECT_OBJC_ISA_USAGE = YES_ERROR;
				CLANG_WARN_DOCUMENTATION_COMMENTS = YES;
				CLANG_WARN_EMPTY_BODY = YES;
				CLANG_WARN_ENUM_CONVERSION = YES;
				CLANG_WARN_INFINITE_RECURSION = YES;
				CLANG_WARN_INT_CONVERSION = YES;
				CLANG_WARN_NON_LITERAL_NULL_CONVERSION = YES;
				CLANG_WARN_OBJC_LITERAL_CONVERSION = YES;
				CLANG_WARN_OBJC_ROOT_CLASS = YES_ERROR;
				CLANG_WARN_RANGE_LOOP_ANALYSIS = YES;
				CLANG_WARN_STRICT_PROTOTYPES = YES;
				CLANG_WARN_SUSPICIOUS_MOVE = YES;
				CLANG_WARN_SUSPICIOUS_MOVES = YES;
				CLANG_WARN_UNREACHABLE_CODE = YES;
				CLANG_WARN__DUPLICATE_METHOD_MATCH = YES;
				CODE_SIGN_IDENTITY = "-";
				COPY_PHASE_STRIP = NO;
				DEBUG_INFORMATION_FORMAT = dwarf;
				ENABLE_STRICT_OBJC_MSGSEND = YES;
				ENABLE_TESTABILITY = YES;
				GCC_C_LANGUAGE_STANDARD = gnu99;
				GCC_DYNAMIC_NO_PIC = NO;
				GCC_NO_COMMON_BLOCKS = YES;
				GCC_OPTIMIZATION_LEVEL = 0;
				GCC_PREPROCESSOR_DEFINITIONS = (
					"DEBUG=1",
					"$(inherited)",
				);
				GCC_WARN_64_TO_32_BIT_CONVERSION = YES;
				GCC_WARN_ABOUT_RETURN_TYPE = YES_ERROR;
				GCC_WARN_UNDECLARED_SELECTOR = YES;
				GCC_WARN_UNINITIALIZED_AUTOS = YES_AGGRESSIVE;
				GCC_WARN_UNUSED_FUNCTION = YES;
				GCC_WARN_UNUSED_VARIABLE = YES;
				MACOSX_DEPLOYMENT_TARGET = 10.11;
				MTL_ENABLE_DEBUG_INFO = YES;
				ONLY_ACTIVE_ARCH = YES;
				SDKROOT = macosx;
			};
			name = Debug;
		};
		91CAEC861DC8584600CEF065 /* Release */ = {
			isa = XCBuildConfiguration;
			buildSettings = {
				ALWAYS_SEARCH_USER_PATHS = NO;
				CLANG_ANALYZER_NONNULL = YES;
				CLANG_CXX_LANGUAGE_STANDARD = "gnu++0x";
				CLANG_CXX_LIBRARY = "libc++";
				CLANG_ENABLE_MODULES = YES;
				CLANG_ENABLE_OBJC_ARC = YES;
				CLANG_WARN_BLOCK_CAPTURE_AUTORELEASING = YES;
				CLANG_WARN_BOOL_CONVERSION = YES;
				CLANG_WARN_COMMA = YES;
				CLANG_WARN_CONSTANT_CONVERSION = YES;
				CLANG_WARN_DIRECT_OBJC_ISA_USAGE = YES_ERROR;
				CLANG_WARN_DOCUMENTATION_COMMENTS = YES;
				CLANG_WARN_EMPTY_BODY = YES;
				CLANG_WARN_ENUM_CONVERSION = YES;
				CLANG_WARN_INFINITE_RECURSION = YES;
				CLANG_WARN_INT_CONVERSION = YES;
				CLANG_WARN_NON_LITERAL_NULL_CONVERSION = YES;
				CLANG_WARN_OBJC_LITERAL_CONVERSION = YES;
				CLANG_WARN_OBJC_ROOT_CLASS = YES_ERROR;
				CLANG_WARN_RANGE_LOOP_ANALYSIS = YES;
				CLANG_WARN_STRICT_PROTOTYPES = YES;
				CLANG_WARN_SUSPICIOUS_MOVE = YES;
				CLANG_WARN_SUSPICIOUS_MOVES = YES;
				CLANG_WARN_UNREACHABLE_CODE = YES;
				CLANG_WARN__DUPLICATE_METHOD_MATCH = YES;
				CODE_SIGN_IDENTITY = "-";
				COPY_PHASE_STRIP = NO;
				DEBUG_INFORMATION_FORMAT = "dwarf-with-dsym";
				ENABLE_NS_ASSERTIONS = NO;
				ENABLE_STRICT_OBJC_MSGSEND = YES;
				GCC_C_LANGUAGE_STANDARD = gnu99;
				GCC_NO_COMMON_BLOCKS = YES;
				GCC_WARN_64_TO_32_BIT_CONVERSION = YES;
				GCC_WARN_ABOUT_RETURN_TYPE = YES_ERROR;
				GCC_WARN_UNDECLARED_SELECTOR = YES;
				GCC_WARN_UNINITIALIZED_AUTOS = YES_AGGRESSIVE;
				GCC_WARN_UNUSED_FUNCTION = YES;
				GCC_WARN_UNUSED_VARIABLE = YES;
				MACOSX_DEPLOYMENT_TARGET = 10.11;
				MTL_ENABLE_DEBUG_INFO = NO;
				SDKROOT = macosx;
			};
			name = Release;
		};
		91CAEC881DC8584600CEF065 /* Debug */ = {
			isa = XCBuildConfiguration;
			buildSettings = {
				EXECUTABLE_PREFIX = lib;
				GCC_ENABLE_CPP_EXCEPTIONS = YES;
				GCC_ENABLE_CPP_RTTI = YES;
				PRODUCT_NAME = "$(TARGET_NAME)";
			};
			name = Debug;
		};
		91CAEC891DC8584600CEF065 /* Release */ = {
			isa = XCBuildConfiguration;
			buildSettings = {
				EXECUTABLE_PREFIX = lib;
				GCC_ENABLE_CPP_EXCEPTIONS = YES;
				GCC_ENABLE_CPP_RTTI = YES;
				PRODUCT_NAME = "$(TARGET_NAME)";
			};
			name = Release;
		};
		91CAECA01DC8587900CEF065 /* Debug */ = {
			isa = XCBuildConfiguration;
			buildSettings = {
				ASSETCATALOG_COMPILER_APPICON_NAME = AppIcon;
				CLANG_ENABLE_OBJC_ARC = YES;
				CLANG_ENABLE_OBJC_WEAK = NO;
				COMBINE_HIDPI_IMAGES = YES;
				GCC_PREPROCESSOR_DEFINITIONS = (
					"DEBUG=1",
					"$(inherited)",
				);
				INFOPLIST_FILE = cawlDemoMac/Info.plist;
				LD_RUNPATH_SEARCH_PATHS = "$(inherited) @executable_path/../Frameworks";
				PRODUCT_BUNDLE_IDENTIFIER = com.moseslee.cawlDemoMac;
				PRODUCT_NAME = "$(TARGET_NAME)";
			};
			name = Debug;
		};
		91CAECA11DC8587900CEF065 /* Release */ = {
			isa = XCBuildConfiguration;
			buildSettings = {
				ASSETCATALOG_COMPILER_APPICON_NAME = AppIcon;
				CLANG_ENABLE_OBJC_ARC = YES;
				CLANG_ENABLE_OBJC_WEAK = NO;
				COMBINE_HIDPI_IMAGES = YES;
				INFOPLIST_FILE = cawlDemoMac/Info.plist;
				LD_RUNPATH_SEARCH_PATHS = "$(inherited) @executable_path/../Frameworks";
				PRODUCT_BUNDLE_IDENTIFIER = com.moseslee.cawlDemoMac;
				PRODUCT_NAME = "$(TARGET_NAME)";
			};
			name = Release;
		};
/* End XCBuildConfiguration section */

/* Begin XCConfigurationList section */
		912977AD1DE4F0E70093134D /* Build configuration list for PBXNativeTarget "cawlTester" */ = {
			isa = XCConfigurationList;
			buildConfigurations = (
				912977AB1DE4F0E70093134D /* Debug */,
				912977AC1DE4F0E70093134D /* Release */,
			);
			defaultConfigurationIsVisible = 0;
			defaultConfigurationName = Release;
		};
		91CAEC771DC8584600CEF065 /* Build configuration list for PBXProject "CAWL" */ = {
			isa = XCConfigurationList;
			buildConfigurations = (
				91CAEC851DC8584600CEF065 /* Debug */,
				91CAEC861DC8584600CEF065 /* Release */,
			);
			defaultConfigurationIsVisible = 0;
			defaultConfigurationName = Release;
		};
		91CAEC871DC8584600CEF065 /* Build configuration list for PBXNativeTarget "CAWL" */ = {
			isa = XCConfigurationList;
			buildConfigurations = (
				91CAEC881DC8584600CEF065 /* Debug */,
				91CAEC891DC8584600CEF065 /* Release */,
			);
			defaultConfigurationIsVisible = 0;
			defaultConfigurationName = Release;
		};
		91CAEC9F1DC8587900CEF065 /* Build configuration list for PBXNativeTarget "cawlDemoMac" */ = {
			isa = XCConfigurationList;
			buildConfigurations = (
				91CAECA01DC8587900CEF065 /* Debug */,
				91CAECA11DC8587900CEF065 /* Release */,
			);
			defaultConfigurationIsVisible = 0;
			defaultConfigurationName = Release;
		};
/* End XCConfigurationList section */
	};
	rootObject = 91CAEC741DC8584600CEF065 /* Project object */;
}
